// !$*UTF8*$!
{
	archiveVersion = 1;
	classes = {
	};
	objectVersion = 52;
	objects = {

/* Begin PBXBuildFile section */
		3C15C54625734722005E209B /* SignIn.swift in Sources */ = {isa = PBXBuildFile; fileRef = 3C15C54525734722005E209B /* SignIn.swift */; };
		3C15C549257385D7005E209B /* CreateUpdateTransferOperationUseCase.swift in Sources */ = {isa = PBXBuildFile; fileRef = 3C15C548257385D7005E209B /* CreateUpdateTransferOperationUseCase.swift */; };
		3C15C54D2573E795005E209B /* CreateUpdateTransferOperation.swift in Sources */ = {isa = PBXBuildFile; fileRef = 3C15C54C2573E795005E209B /* CreateUpdateTransferOperation.swift */; };
		3C15C5502573EA46005E209B /* DomainCreateUpdateTransferOperationModel.swift in Sources */ = {isa = PBXBuildFile; fileRef = 3C15C54F2573EA46005E209B /* DomainCreateUpdateTransferOperationModel.swift */; };
		3C247C402572A21A00658BC4 /* FlexView.swift in Sources */ = {isa = PBXBuildFile; fileRef = 3C247C3F2572A21A00658BC4 /* FlexView.swift */; };
		3CC950CD256A714C0074C7B6 /* UIImage.swift in Sources */ = {isa = PBXBuildFile; fileRef = 3CC950CC256A714C0074C7B6 /* UIImage.swift */; };
		3CC950D0256A75450074C7B6 /* UISegmentedControl.swift in Sources */ = {isa = PBXBuildFile; fileRef = 3CC950CF256A75450074C7B6 /* UISegmentedControl.swift */; };
		711350212621C38F00572CB9 /* ReportsViewController.swift in Sources */ = {isa = PBXBuildFile; fileRef = 711350202621C38F00572CB9 /* ReportsViewController.swift */; };
		711350252621C39F00572CB9 /* ReportsPresenter.swift in Sources */ = {isa = PBXBuildFile; fileRef = 711350242621C39F00572CB9 /* ReportsPresenter.swift */; };
		711350282621C3B900572CB9 /* ReportsSceneAssembly.swift in Sources */ = {isa = PBXBuildFile; fileRef = 711350272621C3B900572CB9 /* ReportsSceneAssembly.swift */; };
		7113502B2621CBEA00572CB9 /* GetReportsByCategoryUseCase.swift in Sources */ = {isa = PBXBuildFile; fileRef = 7113502A2621CBEA00572CB9 /* GetReportsByCategoryUseCase.swift */; };
		7113502E2621CFF500572CB9 /* Reports.swift in Sources */ = {isa = PBXBuildFile; fileRef = 7113502D2621CFF500572CB9 /* Reports.swift */; };
		711350342622075E00572CB9 /* DomainCategoryReportModel.swift in Sources */ = {isa = PBXBuildFile; fileRef = 711350332622075E00572CB9 /* DomainCategoryReportModel.swift */; };
		7113503C2625CB5000572CB9 /* ReportViewModel.swift in Sources */ = {isa = PBXBuildFile; fileRef = 7113503B2625CB5000572CB9 /* ReportViewModel.swift */; };
		7113503F2626141E00572CB9 /* Date.swift in Sources */ = {isa = PBXBuildFile; fileRef = 7113503E2626141E00572CB9 /* Date.swift */; };
		7113505426272C8A00572CB9 /* Charts in Frameworks */ = {isa = PBXBuildFile; productRef = 7113505326272C8A00572CB9 /* Charts */; };
		711F584226300B7500381BEF /* SignInDataRepository.swift in Sources */ = {isa = PBXBuildFile; fileRef = 711F584126300B7500381BEF /* SignInDataRepository.swift */; };
		711F584626300CD000381BEF /* SignUpRemoteDataSource.swift in Sources */ = {isa = PBXBuildFile; fileRef = 711F584526300CD000381BEF /* SignUpRemoteDataSource.swift */; };
		711F584A26300DE900381BEF /* SignInRemoteDataSource.swift in Sources */ = {isa = PBXBuildFile; fileRef = 711F584926300DE900381BEF /* SignInRemoteDataSource.swift */; };
		711F5854263010EB00381BEF /* AccountDataRepository.swift in Sources */ = {isa = PBXBuildFile; fileRef = 711F5853263010EB00381BEF /* AccountDataRepository.swift */; };
		711F5857263011A900381BEF /* AccountRemoteDataSource.swift in Sources */ = {isa = PBXBuildFile; fileRef = 711F5856263011A900381BEF /* AccountRemoteDataSource.swift */; };
		711F58602630139D00381BEF /* CategoriesDataRepository.swift in Sources */ = {isa = PBXBuildFile; fileRef = 711F585F2630139D00381BEF /* CategoriesDataRepository.swift */; };
		711F5863263013E500381BEF /* CategoriesRemoteDataSource.swift in Sources */ = {isa = PBXBuildFile; fileRef = 711F5862263013E500381BEF /* CategoriesRemoteDataSource.swift */; };
		711F5872263017E200381BEF /* CurrenciesDataRepository.swift in Sources */ = {isa = PBXBuildFile; fileRef = 711F5871263017E200381BEF /* CurrenciesDataRepository.swift */; };
		711F58752630182600381BEF /* CurrenciesRemoteDataSource.swift in Sources */ = {isa = PBXBuildFile; fileRef = 711F58742630182600381BEF /* CurrenciesRemoteDataSource.swift */; };
		711F58782630190800381BEF /* UserCredentialsDataRepository.swift in Sources */ = {isa = PBXBuildFile; fileRef = 711F58772630190800381BEF /* UserCredentialsDataRepository.swift */; };
		711F588126301C8D00381BEF /* OperationsDataRepository.swift in Sources */ = {isa = PBXBuildFile; fileRef = 711F588026301C8D00381BEF /* OperationsDataRepository.swift */; };
		711F588426301CD700381BEF /* OperationsRemoteDataSource.swift in Sources */ = {isa = PBXBuildFile; fileRef = 711F588326301CD700381BEF /* OperationsRemoteDataSource.swift */; };
		711F5893263020BB00381BEF /* ReportsDataRepository.swift in Sources */ = {isa = PBXBuildFile; fileRef = 711F5892263020BB00381BEF /* ReportsDataRepository.swift */; };
		711F58962630212600381BEF /* ReportsRemoteDataSource.swift in Sources */ = {isa = PBXBuildFile; fileRef = 711F58952630212600381BEF /* ReportsRemoteDataSource.swift */; };
		711F589C26331ADF00381BEF /* Swinject in Frameworks */ = {isa = PBXBuildFile; productRef = 711F589B26331ADF00381BEF /* Swinject */; };
		711F58A026331B1600381BEF /* SwinjectAutoregistration in Frameworks */ = {isa = PBXBuildFile; productRef = 711F589F26331B1600381BEF /* SwinjectAutoregistration */; };
		711F58A32633252E00381BEF /* DependencyProvider.swift in Sources */ = {isa = PBXBuildFile; fileRef = 711F58A22633252E00381BEF /* DependencyProvider.swift */; };
		71337D18263D880A00EC7F3D /* HomeViewController.swift in Sources */ = {isa = PBXBuildFile; fileRef = 71337D17263D880A00EC7F3D /* HomeViewController.swift */; };
		71337D1C263D88C300EC7F3D /* HomeSceneAssembly.swift in Sources */ = {isa = PBXBuildFile; fileRef = 71337D1B263D88C300EC7F3D /* HomeSceneAssembly.swift */; };
		71337D1F263E9B7200EC7F3D /* PrimaryButton.swift in Sources */ = {isa = PBXBuildFile; fileRef = 71337D1E263E9B7200EC7F3D /* PrimaryButton.swift */; };
		71337D22263EA13800EC7F3D /* Apperance.swift in Sources */ = {isa = PBXBuildFile; fileRef = 71337D21263EA13800EC7F3D /* Apperance.swift */; };
		71337D27263EA67A00EC7F3D /* SecondaryButton.swift in Sources */ = {isa = PBXBuildFile; fileRef = 71337D26263EA67A00EC7F3D /* SecondaryButton.swift */; };
		71337D2A263EAA1D00EC7F3D /* HomePresenter.swift in Sources */ = {isa = PBXBuildFile; fileRef = 71337D29263EAA1D00EC7F3D /* HomePresenter.swift */; };
		71337D2F263EE8FB00EC7F3D /* LoginViewController.swift in Sources */ = {isa = PBXBuildFile; fileRef = 71337D2E263EE8FB00EC7F3D /* LoginViewController.swift */; };
		71337D32263EE91200EC7F3D /* LoginPresenter.swift in Sources */ = {isa = PBXBuildFile; fileRef = 71337D31263EE91200EC7F3D /* LoginPresenter.swift */; };
		71337D35263EE97200EC7F3D /* LoginSceneAssembly.swift in Sources */ = {isa = PBXBuildFile; fileRef = 71337D34263EE97200EC7F3D /* LoginSceneAssembly.swift */; };
		71420C622638768200DAB9C7 /* SignUpRepository.swift in Sources */ = {isa = PBXBuildFile; fileRef = 71420C612638768200DAB9C7 /* SignUpRepository.swift */; };
		71420C66263876D300DAB9C7 /* AccountRepository.swift in Sources */ = {isa = PBXBuildFile; fileRef = 71420C65263876D300DAB9C7 /* AccountRepository.swift */; };
		71420C692638775E00DAB9C7 /* CategoriesRepository.swift in Sources */ = {isa = PBXBuildFile; fileRef = 71420C682638775E00DAB9C7 /* CategoriesRepository.swift */; };
		71420C6C2638777C00DAB9C7 /* CurrenciesRepository.swift in Sources */ = {isa = PBXBuildFile; fileRef = 71420C6B2638777C00DAB9C7 /* CurrenciesRepository.swift */; };
		71420C6F263877AA00DAB9C7 /* SignInRepository.swift in Sources */ = {isa = PBXBuildFile; fileRef = 71420C6E263877AA00DAB9C7 /* SignInRepository.swift */; };
		71420C72263877CC00DAB9C7 /* UserCredentialsRepository.swift in Sources */ = {isa = PBXBuildFile; fileRef = 71420C71263877CC00DAB9C7 /* UserCredentialsRepository.swift */; };
		71420C762638784A00DAB9C7 /* OperationsRepository.swift in Sources */ = {isa = PBXBuildFile; fileRef = 71420C752638784A00DAB9C7 /* OperationsRepository.swift */; };
		71420C79263878B700DAB9C7 /* ReportsRepository.swift in Sources */ = {isa = PBXBuildFile; fileRef = 71420C78263878B700DAB9C7 /* ReportsRepository.swift */; };
		7152CFA62629628A00096331 /* CategoryOperationInfoTableViewCell.swift in Sources */ = {isa = PBXBuildFile; fileRef = 7152CFA52629628A00096331 /* CategoryOperationInfoTableViewCell.swift */; };
		7167A50126490A02000E39A4 /* UIViewController+NavBar.swift in Sources */ = {isa = PBXBuildFile; fileRef = 7167A50026490A02000E39A4 /* UIViewController+NavBar.swift */; };
		7167A5032649146C000E39A4 /* PiggyTextField.swift in Sources */ = {isa = PBXBuildFile; fileRef = 7167A5022649146C000E39A4 /* PiggyTextField.swift */; };
		719C433F262B5AE8004C92F3 /* PiggySegmentedControl.swift in Sources */ = {isa = PBXBuildFile; fileRef = 719C433E262B5AE8004C92F3 /* PiggySegmentedControl.swift */; };
		71E5D7BC262C832F002A9827 /* DatePickerDialog.swift in Sources */ = {isa = PBXBuildFile; fileRef = 71E5D7BB262C832F002A9827 /* DatePickerDialog.swift */; };
		71E5D7D92630098F002A9827 /* SignUpDataRepository.swift in Sources */ = {isa = PBXBuildFile; fileRef = 71E5D7D82630098F002A9827 /* SignUpDataRepository.swift */; };
		9104C13524FBC705003BF041 /* ProfileViewController.swift in Sources */ = {isa = PBXBuildFile; fileRef = 9104C13424FBC705003BF041 /* ProfileViewController.swift */; };
		9104C13724FBC86B003BF041 /* CategoriesAssembly.swift in Sources */ = {isa = PBXBuildFile; fileRef = 9104C13624FBC86B003BF041 /* CategoriesAssembly.swift */; };
		9104C13924FBCEF3003BF041 /* Category.swift in Sources */ = {isa = PBXBuildFile; fileRef = 9104C13824FBCEF3003BF041 /* Category.swift */; };
		9104C13B24FBCFD3003BF041 /* GetCategoriesUseCase.swift in Sources */ = {isa = PBXBuildFile; fileRef = 9104C13A24FBCFD3003BF041 /* GetCategoriesUseCase.swift */; };
		9104C13D24FBD2BF003BF041 /* CategoriesPresenter.swift in Sources */ = {isa = PBXBuildFile; fileRef = 9104C13C24FBD2BF003BF041 /* CategoriesPresenter.swift */; };
		9104C14124FBD86D003BF041 /* CategoryViewModel.swift in Sources */ = {isa = PBXBuildFile; fileRef = 9104C14024FBD86D003BF041 /* CategoryViewModel.swift */; };
		9104C16D250409CF003BF041 /* DomainCategoryModel.swift in Sources */ = {isa = PBXBuildFile; fileRef = 9104C16C250409CF003BF041 /* DomainCategoryModel.swift */; };
		9104C171250415C4003BF041 /* CategoryViewController.swift in Sources */ = {isa = PBXBuildFile; fileRef = 9104C170250415C4003BF041 /* CategoryViewController.swift */; };
		9104C17325051C3B003BF041 /* DeleteCategoryUseCase.swift in Sources */ = {isa = PBXBuildFile; fileRef = 9104C17225051C3B003BF041 /* DeleteCategoryUseCase.swift */; };
		9104C17725052CDE003BF041 /* CreateUpdateCategoryUseCase.swift in Sources */ = {isa = PBXBuildFile; fileRef = 9104C17625052CDE003BF041 /* CreateUpdateCategoryUseCase.swift */; };
		9104C17A250DD6DD003BF041 /* AccountViewController.swift in Sources */ = {isa = PBXBuildFile; fileRef = 9104C179250DD6DD003BF041 /* AccountViewController.swift */; };
		9104C17D250DD814003BF041 /* AccountViewModel.swift in Sources */ = {isa = PBXBuildFile; fileRef = 9104C17C250DD814003BF041 /* AccountViewModel.swift */; };
		9104C17F250DDBB6003BF041 /* AccountPresenter.swift in Sources */ = {isa = PBXBuildFile; fileRef = 9104C17E250DDBB6003BF041 /* AccountPresenter.swift */; };
		9104C181250DE01F003BF041 /* DomainAccountModel.swift in Sources */ = {isa = PBXBuildFile; fileRef = 9104C180250DE01F003BF041 /* DomainAccountModel.swift */; };
		9104C183250DE2B3003BF041 /* GrandConverter.swift in Sources */ = {isa = PBXBuildFile; fileRef = 9104C182250DE2B3003BF041 /* GrandConverter.swift */; };
		9104C185250DE3D7003BF041 /* AccountSceneAssembly.swift in Sources */ = {isa = PBXBuildFile; fileRef = 9104C184250DE3D7003BF041 /* AccountSceneAssembly.swift */; };
		9104C187250DF6D9003BF041 /* AuthSceneAssembly.swift in Sources */ = {isa = PBXBuildFile; fileRef = 9104C186250DF6D9003BF041 /* AuthSceneAssembly.swift */; };
		9104C189250DF76D003BF041 /* AuthPresenter.swift in Sources */ = {isa = PBXBuildFile; fileRef = 9104C188250DF76D003BF041 /* AuthPresenter.swift */; };
		9104C18C250E174D003BF041 /* BaseCurrencyViewController.swift in Sources */ = {isa = PBXBuildFile; fileRef = 9104C18B250E174D003BF041 /* BaseCurrencyViewController.swift */; };
		9104C18E250E177D003BF041 /* CurrencyViewModel.swift in Sources */ = {isa = PBXBuildFile; fileRef = 9104C18D250E177D003BF041 /* CurrencyViewModel.swift */; };
		9104C190250E1AFE003BF041 /* BaseCurrencyPresenter.swift in Sources */ = {isa = PBXBuildFile; fileRef = 9104C18F250E1AFE003BF041 /* BaseCurrencyPresenter.swift */; };
		9104C192250E1B5E003BF041 /* DomainCurrencyModel.swift in Sources */ = {isa = PBXBuildFile; fileRef = 9104C191250E1B5E003BF041 /* DomainCurrencyModel.swift */; };
		9104C194250E1C96003BF041 /* Currency.swift in Sources */ = {isa = PBXBuildFile; fileRef = 9104C193250E1C96003BF041 /* Currency.swift */; };
		9104C196250E1F37003BF041 /* GetCurrenciesUseCase.swift in Sources */ = {isa = PBXBuildFile; fileRef = 9104C195250E1F37003BF041 /* GetCurrenciesUseCase.swift */; };
		9104C198250E20B1003BF041 /* BaseCurrencySceneAssembly.swift in Sources */ = {isa = PBXBuildFile; fileRef = 9104C197250E20B1003BF041 /* BaseCurrencySceneAssembly.swift */; };
		9104C19A250E239D003BF041 /* CurrencyTableCell.swift in Sources */ = {isa = PBXBuildFile; fileRef = 9104C199250E239D003BF041 /* CurrencyTableCell.swift */; };
		9104C19C250E65AD003BF041 /* DomainSignUpModel.swift in Sources */ = {isa = PBXBuildFile; fileRef = 9104C19B250E65AD003BF041 /* DomainSignUpModel.swift */; };
		9104C19E250E6D40003BF041 /* SignUp.swift in Sources */ = {isa = PBXBuildFile; fileRef = 9104C19D250E6D40003BF041 /* SignUp.swift */; };
		9104C1A0250F1D9E003BF041 /* UserCredentials.swift in Sources */ = {isa = PBXBuildFile; fileRef = 9104C19F250F1D9E003BF041 /* UserCredentials.swift */; };
		9104C1A2250F1F3C003BF041 /* DomainUserCredentialsModel.swift in Sources */ = {isa = PBXBuildFile; fileRef = 9104C1A1250F1F3C003BF041 /* DomainUserCredentialsModel.swift */; };
		9104C1A4250F1FEC003BF041 /* DomainAuthModel.swift in Sources */ = {isa = PBXBuildFile; fileRef = 9104C1A3250F1FEC003BF041 /* DomainAuthModel.swift */; };
		9104C1A8250F2383003BF041 /* Constants.swift in Sources */ = {isa = PBXBuildFile; fileRef = 9104C1A7250F2383003BF041 /* Constants.swift */; };
		9104C1AA250F2428003BF041 /* SaveUserCredentialsUseCase.swift in Sources */ = {isa = PBXBuildFile; fileRef = 9104C1A9250F2428003BF041 /* SaveUserCredentialsUseCase.swift */; };
		9104C1AC250F2539003BF041 /* DomainSignInModel.swift in Sources */ = {isa = PBXBuildFile; fileRef = 9104C1AB250F2539003BF041 /* DomainSignInModel.swift */; };
		9104C1AE250F29F8003BF041 /* ProfilePresenter.swift in Sources */ = {isa = PBXBuildFile; fileRef = 9104C1AD250F29F8003BF041 /* ProfilePresenter.swift */; };
		9104C1B0250F2A3C003BF041 /* ProfileSceneAssembly.swift in Sources */ = {isa = PBXBuildFile; fileRef = 9104C1AF250F2A3C003BF041 /* ProfileSceneAssembly.swift */; };
		9104C1B2250F2B92003BF041 /* DeleteUserCredentialsUseCase.swift in Sources */ = {isa = PBXBuildFile; fileRef = 9104C1B1250F2B92003BF041 /* DeleteUserCredentialsUseCase.swift */; };
		9104C1B4250F33B8003BF041 /* GetUserCredentialsUseCase.swift in Sources */ = {isa = PBXBuildFile; fileRef = 9104C1B3250F33B8003BF041 /* GetUserCredentialsUseCase.swift */; };
		9104C1B7250F3497003BF041 /* StartViewController.swift in Sources */ = {isa = PBXBuildFile; fileRef = 9104C1B6250F3497003BF041 /* StartViewController.swift */; };
		9104C1B9250F34B0003BF041 /* StartPresenter.swift in Sources */ = {isa = PBXBuildFile; fileRef = 9104C1B8250F34B0003BF041 /* StartPresenter.swift */; };
		9104C1BB250F379F003BF041 /* StartSceneAssembly.swift in Sources */ = {isa = PBXBuildFile; fileRef = 9104C1BA250F379F003BF041 /* StartSceneAssembly.swift */; };
		9104C1C525107F82003BF041 /* AccountTextFieldTableCell.swift in Sources */ = {isa = PBXBuildFile; fileRef = 9104C1C425107F82003BF041 /* AccountTextFieldTableCell.swift */; };
		9104C1C725108459003BF041 /* AccountSegmentedTableCell.swift in Sources */ = {isa = PBXBuildFile; fileRef = 9104C1C625108459003BF041 /* AccountSegmentedTableCell.swift */; };
		9104C21925130B43003BF041 /* CreateUpdateAccount.swift in Sources */ = {isa = PBXBuildFile; fileRef = 9104C21825130B43003BF041 /* CreateUpdateAccount.swift */; };
		9104C21D25147475003BF041 /* CategoryCollectionCell.swift in Sources */ = {isa = PBXBuildFile; fileRef = 9104C21C25147475003BF041 /* CategoryCollectionCell.swift */; };
		9104C22025147874003BF041 /* UIColor.swift in Sources */ = {isa = PBXBuildFile; fileRef = 9104C21F25147874003BF041 /* UIColor.swift */; };
		910DEEB42574A50F0053A2E0 /* BottomBar.swift in Sources */ = {isa = PBXBuildFile; fileRef = 910DEEB32574A50F0053A2E0 /* BottomBar.swift */; };
		9166BC932532E27600A23196 /* DeleteOperationUseCase.swift in Sources */ = {isa = PBXBuildFile; fileRef = 9166BC922532E27600A23196 /* DeleteOperationUseCase.swift */; };
		9166BC96256A2EFC00A23196 /* OperationViewController.swift in Sources */ = {isa = PBXBuildFile; fileRef = 9166BC95256A2EFC00A23196 /* OperationViewController.swift */; };
		9166BC98256A2F0E00A23196 /* OperationPresenter.swift in Sources */ = {isa = PBXBuildFile; fileRef = 9166BC97256A2F0E00A23196 /* OperationPresenter.swift */; };
		9166BC9A256A2F1E00A23196 /* OperationSceneAssembly.swift in Sources */ = {isa = PBXBuildFile; fileRef = 9166BC99256A2F1E00A23196 /* OperationSceneAssembly.swift */; };
		9175DB92262A891200480957 /* String.swift in Sources */ = {isa = PBXBuildFile; fileRef = 9175DB91262A891200480957 /* String.swift */; };
		91957A782515D7730027249A /* CategoryView.swift in Sources */ = {isa = PBXBuildFile; fileRef = 91957A772515D7720027249A /* CategoryView.swift */; };
		91957A7A2531717D0027249A /* Operation.swift in Sources */ = {isa = PBXBuildFile; fileRef = 91957A792531717D0027249A /* Operation.swift */; };
		91957A7C253171A00027249A /* Paginated.swift in Sources */ = {isa = PBXBuildFile; fileRef = 91957A7B253171A00027249A /* Paginated.swift */; };
		91957A7E253172A30027249A /* DomainOperationModel.swift in Sources */ = {isa = PBXBuildFile; fileRef = 91957A7D253172A30027249A /* DomainOperationModel.swift */; };
		91957A802531791F0027249A /* GetOperationsUseCase.swift in Sources */ = {isa = PBXBuildFile; fileRef = 91957A7F2531791F0027249A /* GetOperationsUseCase.swift */; };
		91957A8325318C700027249A /* OperationsViewController.swift in Sources */ = {isa = PBXBuildFile; fileRef = 91957A8225318C700027249A /* OperationsViewController.swift */; };
		91957A8525318D000027249A /* OperationViewModel.swift in Sources */ = {isa = PBXBuildFile; fileRef = 91957A8425318D000027249A /* OperationViewModel.swift */; };
		91957A8725318D580027249A /* OperationsPresenter.swift in Sources */ = {isa = PBXBuildFile; fileRef = 91957A8625318D580027249A /* OperationsPresenter.swift */; };
		91957A8925318F3A0027249A /* OperationsSceneAssembly.swift in Sources */ = {isa = PBXBuildFile; fileRef = 91957A8825318F3A0027249A /* OperationsSceneAssembly.swift */; };
		91A39C68262B49AF00A44080 /* MenuButton.swift in Sources */ = {isa = PBXBuildFile; fileRef = 91A39C67262B49AF00A44080 /* MenuButton.swift */; };
		91A85DA924ABDDA400B7A630 /* AppDelegate.swift in Sources */ = {isa = PBXBuildFile; fileRef = 91A85DA824ABDDA400B7A630 /* AppDelegate.swift */; };
		91A85DB224ABDDA800B7A630 /* Assets.xcassets in Resources */ = {isa = PBXBuildFile; fileRef = 91A85DB124ABDDA800B7A630 /* Assets.xcassets */; };
		91A85DB524ABDDA800B7A630 /* LaunchScreen.storyboard in Resources */ = {isa = PBXBuildFile; fileRef = 91A85DB324ABDDA800B7A630 /* LaunchScreen.storyboard */; };
		91A85DBD24ABDE2C00B7A630 /* AuthViewController.swift in Sources */ = {isa = PBXBuildFile; fileRef = 91A85DBC24ABDE2C00B7A630 /* AuthViewController.swift */; };
		91A85DD924AC611F00B7A630 /* APIManager.swift in Sources */ = {isa = PBXBuildFile; fileRef = 91A85DD824AC611F00B7A630 /* APIManager.swift */; };
		91A85DDF24B4C49300B7A630 /* SignUpUseCase.swift in Sources */ = {isa = PBXBuildFile; fileRef = 91A85DDE24B4C49300B7A630 /* SignUpUseCase.swift */; };
		91A85DE224B4C50300B7A630 /* UseCasesDTOs.swift in Sources */ = {isa = PBXBuildFile; fileRef = 91A85DE124B4C50300B7A630 /* UseCasesDTOs.swift */; };
		91A85DE524B4C5D900B7A630 /* Result.swift in Sources */ = {isa = PBXBuildFile; fileRef = 91A85DE424B4C5D900B7A630 /* Result.swift */; };
		91A85DE924B64B7D00B7A630 /* SignInUseCase.swift in Sources */ = {isa = PBXBuildFile; fileRef = 91A85DE824B64B7D00B7A630 /* SignInUseCase.swift */; };
		91A85DEE24CB308000B7A630 /* AccountsViewController.swift in Sources */ = {isa = PBXBuildFile; fileRef = 91A85DED24CB308000B7A630 /* AccountsViewController.swift */; };
		91A85DF024CB30BC00B7A630 /* AccountsDTOs.swift in Sources */ = {isa = PBXBuildFile; fileRef = 91A85DEF24CB30BC00B7A630 /* AccountsDTOs.swift */; };
		91A85DF224CB326700B7A630 /* AccountsPresenter.swift in Sources */ = {isa = PBXBuildFile; fileRef = 91A85DF124CB326700B7A630 /* AccountsPresenter.swift */; };
		91A85DF424CB385400B7A630 /* Account.swift in Sources */ = {isa = PBXBuildFile; fileRef = 91A85DF324CB385400B7A630 /* Account.swift */; };
		91A85DF624CB39DE00B7A630 /* GetAccountsUseCase.swift in Sources */ = {isa = PBXBuildFile; fileRef = 91A85DF524CB39DE00B7A630 /* GetAccountsUseCase.swift */; };
		91A85DF824CB3D0E00B7A630 /* AccountsAssembly.swift in Sources */ = {isa = PBXBuildFile; fileRef = 91A85DF724CB3D0E00B7A630 /* AccountsAssembly.swift */; };
		91A85DFA24CD229800B7A630 /* CreateUpdateAccountUseCase.swift in Sources */ = {isa = PBXBuildFile; fileRef = 91A85DF924CD229800B7A630 /* CreateUpdateAccountUseCase.swift */; };
		91A85DFE24CEFC1500B7A630 /* DeleteAccountUseCase.swift in Sources */ = {isa = PBXBuildFile; fileRef = 91A85DFD24CEFC1500B7A630 /* DeleteAccountUseCase.swift */; };
		91A85E0224D04F0700B7A630 /* MainBarViewController.swift in Sources */ = {isa = PBXBuildFile; fileRef = 91A85E0124D04F0700B7A630 /* MainBarViewController.swift */; };
		91A85E0524D0519800B7A630 /* CategoriesViewController.swift in Sources */ = {isa = PBXBuildFile; fileRef = 91A85E0424D0519800B7A630 /* CategoriesViewController.swift */; };
		91C028352515B616005F30F0 /* CreateUpdateCategory.swift in Sources */ = {isa = PBXBuildFile; fileRef = 91C028342515B616005F30F0 /* CreateUpdateCategory.swift */; };
		91C26FA02515C01B00C999BE /* CategoryPresenter.swift in Sources */ = {isa = PBXBuildFile; fileRef = 91C26F9F2515C01B00C999BE /* CategoryPresenter.swift */; };
		91C26FA22515C0E300C999BE /* CategorySceneAssembly.swift in Sources */ = {isa = PBXBuildFile; fileRef = 91C26FA12515C0E300C999BE /* CategorySceneAssembly.swift */; };
		91C26FA42515CF7700C999BE /* Colors.swift in Sources */ = {isa = PBXBuildFile; fileRef = 91C26FA32515CF7700C999BE /* Colors.swift */; };
		91C26FA62515D28B00C999BE /* ColorCollectionCell.swift in Sources */ = {isa = PBXBuildFile; fileRef = 91C26FA52515D28B00C999BE /* ColorCollectionCell.swift */; };
/* End PBXBuildFile section */

/* Begin PBXFileReference section */
		3C15C54525734722005E209B /* SignIn.swift */ = {isa = PBXFileReference; lastKnownFileType = sourcecode.swift; path = SignIn.swift; sourceTree = "<group>"; };
		3C15C548257385D7005E209B /* CreateUpdateTransferOperationUseCase.swift */ = {isa = PBXFileReference; lastKnownFileType = sourcecode.swift; path = CreateUpdateTransferOperationUseCase.swift; sourceTree = "<group>"; };
		3C15C54C2573E795005E209B /* CreateUpdateTransferOperation.swift */ = {isa = PBXFileReference; lastKnownFileType = sourcecode.swift; path = CreateUpdateTransferOperation.swift; sourceTree = "<group>"; };
		3C15C54F2573EA46005E209B /* DomainCreateUpdateTransferOperationModel.swift */ = {isa = PBXFileReference; lastKnownFileType = sourcecode.swift; path = DomainCreateUpdateTransferOperationModel.swift; sourceTree = "<group>"; };
		3C247C3F2572A21A00658BC4 /* FlexView.swift */ = {isa = PBXFileReference; lastKnownFileType = sourcecode.swift; path = FlexView.swift; sourceTree = "<group>"; };
		3CC950CC256A714C0074C7B6 /* UIImage.swift */ = {isa = PBXFileReference; lastKnownFileType = sourcecode.swift; path = UIImage.swift; sourceTree = "<group>"; };
		3CC950CF256A75450074C7B6 /* UISegmentedControl.swift */ = {isa = PBXFileReference; lastKnownFileType = sourcecode.swift; path = UISegmentedControl.swift; sourceTree = "<group>"; };
		711350202621C38F00572CB9 /* ReportsViewController.swift */ = {isa = PBXFileReference; lastKnownFileType = sourcecode.swift; path = ReportsViewController.swift; sourceTree = "<group>"; };
		711350242621C39F00572CB9 /* ReportsPresenter.swift */ = {isa = PBXFileReference; lastKnownFileType = sourcecode.swift; path = ReportsPresenter.swift; sourceTree = "<group>"; };
		711350272621C3B900572CB9 /* ReportsSceneAssembly.swift */ = {isa = PBXFileReference; lastKnownFileType = sourcecode.swift; path = ReportsSceneAssembly.swift; sourceTree = "<group>"; };
		7113502A2621CBEA00572CB9 /* GetReportsByCategoryUseCase.swift */ = {isa = PBXFileReference; lastKnownFileType = sourcecode.swift; path = GetReportsByCategoryUseCase.swift; sourceTree = "<group>"; };
		7113502D2621CFF500572CB9 /* Reports.swift */ = {isa = PBXFileReference; lastKnownFileType = sourcecode.swift; path = Reports.swift; sourceTree = "<group>"; };
		711350332622075E00572CB9 /* DomainCategoryReportModel.swift */ = {isa = PBXFileReference; lastKnownFileType = sourcecode.swift; path = DomainCategoryReportModel.swift; sourceTree = "<group>"; };
		7113503B2625CB5000572CB9 /* ReportViewModel.swift */ = {isa = PBXFileReference; lastKnownFileType = sourcecode.swift; path = ReportViewModel.swift; sourceTree = "<group>"; };
		7113503E2626141E00572CB9 /* Date.swift */ = {isa = PBXFileReference; lastKnownFileType = sourcecode.swift; path = Date.swift; sourceTree = "<group>"; };
		711F584126300B7500381BEF /* SignInDataRepository.swift */ = {isa = PBXFileReference; lastKnownFileType = sourcecode.swift; path = SignInDataRepository.swift; sourceTree = "<group>"; };
		711F584526300CD000381BEF /* SignUpRemoteDataSource.swift */ = {isa = PBXFileReference; lastKnownFileType = sourcecode.swift; path = SignUpRemoteDataSource.swift; sourceTree = "<group>"; };
		711F584926300DE900381BEF /* SignInRemoteDataSource.swift */ = {isa = PBXFileReference; lastKnownFileType = sourcecode.swift; path = SignInRemoteDataSource.swift; sourceTree = "<group>"; };
		711F5853263010EB00381BEF /* AccountDataRepository.swift */ = {isa = PBXFileReference; lastKnownFileType = sourcecode.swift; path = AccountDataRepository.swift; sourceTree = "<group>"; };
		711F5856263011A900381BEF /* AccountRemoteDataSource.swift */ = {isa = PBXFileReference; lastKnownFileType = sourcecode.swift; path = AccountRemoteDataSource.swift; sourceTree = "<group>"; };
		711F585F2630139D00381BEF /* CategoriesDataRepository.swift */ = {isa = PBXFileReference; lastKnownFileType = sourcecode.swift; path = CategoriesDataRepository.swift; sourceTree = "<group>"; };
		711F5862263013E500381BEF /* CategoriesRemoteDataSource.swift */ = {isa = PBXFileReference; lastKnownFileType = sourcecode.swift; path = CategoriesRemoteDataSource.swift; sourceTree = "<group>"; };
		711F5871263017E200381BEF /* CurrenciesDataRepository.swift */ = {isa = PBXFileReference; lastKnownFileType = sourcecode.swift; path = CurrenciesDataRepository.swift; sourceTree = "<group>"; };
		711F58742630182600381BEF /* CurrenciesRemoteDataSource.swift */ = {isa = PBXFileReference; lastKnownFileType = sourcecode.swift; path = CurrenciesRemoteDataSource.swift; sourceTree = "<group>"; };
		711F58772630190800381BEF /* UserCredentialsDataRepository.swift */ = {isa = PBXFileReference; lastKnownFileType = sourcecode.swift; path = UserCredentialsDataRepository.swift; sourceTree = "<group>"; };
		711F588026301C8D00381BEF /* OperationsDataRepository.swift */ = {isa = PBXFileReference; lastKnownFileType = sourcecode.swift; path = OperationsDataRepository.swift; sourceTree = "<group>"; };
		711F588326301CD700381BEF /* OperationsRemoteDataSource.swift */ = {isa = PBXFileReference; lastKnownFileType = sourcecode.swift; path = OperationsRemoteDataSource.swift; sourceTree = "<group>"; };
		711F5892263020BB00381BEF /* ReportsDataRepository.swift */ = {isa = PBXFileReference; lastKnownFileType = sourcecode.swift; path = ReportsDataRepository.swift; sourceTree = "<group>"; };
		711F58952630212600381BEF /* ReportsRemoteDataSource.swift */ = {isa = PBXFileReference; lastKnownFileType = sourcecode.swift; path = ReportsRemoteDataSource.swift; sourceTree = "<group>"; };
		711F58A22633252E00381BEF /* DependencyProvider.swift */ = {isa = PBXFileReference; lastKnownFileType = sourcecode.swift; path = DependencyProvider.swift; sourceTree = "<group>"; };
		71337D17263D880A00EC7F3D /* HomeViewController.swift */ = {isa = PBXFileReference; lastKnownFileType = sourcecode.swift; path = HomeViewController.swift; sourceTree = "<group>"; };
		71337D1B263D88C300EC7F3D /* HomeSceneAssembly.swift */ = {isa = PBXFileReference; lastKnownFileType = sourcecode.swift; path = HomeSceneAssembly.swift; sourceTree = "<group>"; };
		71337D1E263E9B7200EC7F3D /* PrimaryButton.swift */ = {isa = PBXFileReference; lastKnownFileType = sourcecode.swift; path = PrimaryButton.swift; sourceTree = "<group>"; };
		71337D21263EA13800EC7F3D /* Apperance.swift */ = {isa = PBXFileReference; lastKnownFileType = sourcecode.swift; path = Apperance.swift; sourceTree = "<group>"; };
		71337D26263EA67A00EC7F3D /* SecondaryButton.swift */ = {isa = PBXFileReference; lastKnownFileType = sourcecode.swift; path = SecondaryButton.swift; sourceTree = "<group>"; };
		71337D29263EAA1D00EC7F3D /* HomePresenter.swift */ = {isa = PBXFileReference; lastKnownFileType = sourcecode.swift; path = HomePresenter.swift; sourceTree = "<group>"; };
		71337D2E263EE8FB00EC7F3D /* LoginViewController.swift */ = {isa = PBXFileReference; lastKnownFileType = sourcecode.swift; path = LoginViewController.swift; sourceTree = "<group>"; };
		71337D31263EE91200EC7F3D /* LoginPresenter.swift */ = {isa = PBXFileReference; lastKnownFileType = sourcecode.swift; path = LoginPresenter.swift; sourceTree = "<group>"; };
		71337D34263EE97200EC7F3D /* LoginSceneAssembly.swift */ = {isa = PBXFileReference; lastKnownFileType = sourcecode.swift; path = LoginSceneAssembly.swift; sourceTree = "<group>"; };
		71420C612638768200DAB9C7 /* SignUpRepository.swift */ = {isa = PBXFileReference; lastKnownFileType = sourcecode.swift; path = SignUpRepository.swift; sourceTree = "<group>"; };
		71420C65263876D300DAB9C7 /* AccountRepository.swift */ = {isa = PBXFileReference; lastKnownFileType = sourcecode.swift; path = AccountRepository.swift; sourceTree = "<group>"; };
		71420C682638775E00DAB9C7 /* CategoriesRepository.swift */ = {isa = PBXFileReference; lastKnownFileType = sourcecode.swift; path = CategoriesRepository.swift; sourceTree = "<group>"; };
		71420C6B2638777C00DAB9C7 /* CurrenciesRepository.swift */ = {isa = PBXFileReference; lastKnownFileType = sourcecode.swift; path = CurrenciesRepository.swift; sourceTree = "<group>"; };
		71420C6E263877AA00DAB9C7 /* SignInRepository.swift */ = {isa = PBXFileReference; lastKnownFileType = sourcecode.swift; path = SignInRepository.swift; sourceTree = "<group>"; };
		71420C71263877CC00DAB9C7 /* UserCredentialsRepository.swift */ = {isa = PBXFileReference; lastKnownFileType = sourcecode.swift; path = UserCredentialsRepository.swift; sourceTree = "<group>"; };
		71420C752638784A00DAB9C7 /* OperationsRepository.swift */ = {isa = PBXFileReference; lastKnownFileType = sourcecode.swift; path = OperationsRepository.swift; sourceTree = "<group>"; };
		71420C78263878B700DAB9C7 /* ReportsRepository.swift */ = {isa = PBXFileReference; lastKnownFileType = sourcecode.swift; path = ReportsRepository.swift; sourceTree = "<group>"; };
		7152CFA52629628A00096331 /* CategoryOperationInfoTableViewCell.swift */ = {isa = PBXFileReference; lastKnownFileType = sourcecode.swift; path = CategoryOperationInfoTableViewCell.swift; sourceTree = "<group>"; };
		7167A50026490A02000E39A4 /* UIViewController+NavBar.swift */ = {isa = PBXFileReference; lastKnownFileType = sourcecode.swift; path = "UIViewController+NavBar.swift"; sourceTree = "<group>"; };
		7167A5022649146C000E39A4 /* PiggyTextField.swift */ = {isa = PBXFileReference; lastKnownFileType = sourcecode.swift; path = PiggyTextField.swift; sourceTree = "<group>"; };
		719C433E262B5AE8004C92F3 /* PiggySegmentedControl.swift */ = {isa = PBXFileReference; lastKnownFileType = sourcecode.swift; path = PiggySegmentedControl.swift; sourceTree = "<group>"; };
		71E5D7BB262C832F002A9827 /* DatePickerDialog.swift */ = {isa = PBXFileReference; lastKnownFileType = sourcecode.swift; path = DatePickerDialog.swift; sourceTree = "<group>"; };
		71E5D7D82630098F002A9827 /* SignUpDataRepository.swift */ = {isa = PBXFileReference; lastKnownFileType = sourcecode.swift; path = SignUpDataRepository.swift; sourceTree = "<group>"; };
		9104C13424FBC705003BF041 /* ProfileViewController.swift */ = {isa = PBXFileReference; lastKnownFileType = sourcecode.swift; path = ProfileViewController.swift; sourceTree = "<group>"; };
		9104C13624FBC86B003BF041 /* CategoriesAssembly.swift */ = {isa = PBXFileReference; lastKnownFileType = sourcecode.swift; path = CategoriesAssembly.swift; sourceTree = "<group>"; };
		9104C13824FBCEF3003BF041 /* Category.swift */ = {isa = PBXFileReference; lastKnownFileType = sourcecode.swift; path = Category.swift; sourceTree = "<group>"; };
		9104C13A24FBCFD3003BF041 /* GetCategoriesUseCase.swift */ = {isa = PBXFileReference; lastKnownFileType = sourcecode.swift; path = GetCategoriesUseCase.swift; sourceTree = "<group>"; };
		9104C13C24FBD2BF003BF041 /* CategoriesPresenter.swift */ = {isa = PBXFileReference; lastKnownFileType = sourcecode.swift; path = CategoriesPresenter.swift; sourceTree = "<group>"; };
		9104C14024FBD86D003BF041 /* CategoryViewModel.swift */ = {isa = PBXFileReference; lastKnownFileType = sourcecode.swift; path = CategoryViewModel.swift; sourceTree = "<group>"; };
		9104C16C250409CF003BF041 /* DomainCategoryModel.swift */ = {isa = PBXFileReference; lastKnownFileType = sourcecode.swift; path = DomainCategoryModel.swift; sourceTree = "<group>"; };
		9104C170250415C4003BF041 /* CategoryViewController.swift */ = {isa = PBXFileReference; lastKnownFileType = sourcecode.swift; path = CategoryViewController.swift; sourceTree = "<group>"; };
		9104C17225051C3B003BF041 /* DeleteCategoryUseCase.swift */ = {isa = PBXFileReference; lastKnownFileType = sourcecode.swift; path = DeleteCategoryUseCase.swift; sourceTree = "<group>"; };
		9104C17625052CDE003BF041 /* CreateUpdateCategoryUseCase.swift */ = {isa = PBXFileReference; lastKnownFileType = sourcecode.swift; path = CreateUpdateCategoryUseCase.swift; sourceTree = "<group>"; };
		9104C179250DD6DD003BF041 /* AccountViewController.swift */ = {isa = PBXFileReference; lastKnownFileType = sourcecode.swift; path = AccountViewController.swift; sourceTree = "<group>"; };
		9104C17C250DD814003BF041 /* AccountViewModel.swift */ = {isa = PBXFileReference; lastKnownFileType = sourcecode.swift; path = AccountViewModel.swift; sourceTree = "<group>"; };
		9104C17E250DDBB6003BF041 /* AccountPresenter.swift */ = {isa = PBXFileReference; lastKnownFileType = sourcecode.swift; path = AccountPresenter.swift; sourceTree = "<group>"; };
		9104C180250DE01F003BF041 /* DomainAccountModel.swift */ = {isa = PBXFileReference; lastKnownFileType = sourcecode.swift; path = DomainAccountModel.swift; sourceTree = "<group>"; };
		9104C182250DE2B3003BF041 /* GrandConverter.swift */ = {isa = PBXFileReference; lastKnownFileType = sourcecode.swift; path = GrandConverter.swift; sourceTree = "<group>"; };
		9104C184250DE3D7003BF041 /* AccountSceneAssembly.swift */ = {isa = PBXFileReference; lastKnownFileType = sourcecode.swift; path = AccountSceneAssembly.swift; sourceTree = "<group>"; };
		9104C186250DF6D9003BF041 /* AuthSceneAssembly.swift */ = {isa = PBXFileReference; lastKnownFileType = sourcecode.swift; path = AuthSceneAssembly.swift; sourceTree = "<group>"; };
		9104C188250DF76D003BF041 /* AuthPresenter.swift */ = {isa = PBXFileReference; lastKnownFileType = sourcecode.swift; path = AuthPresenter.swift; sourceTree = "<group>"; };
		9104C18B250E174D003BF041 /* BaseCurrencyViewController.swift */ = {isa = PBXFileReference; lastKnownFileType = sourcecode.swift; path = BaseCurrencyViewController.swift; sourceTree = "<group>"; };
		9104C18D250E177D003BF041 /* CurrencyViewModel.swift */ = {isa = PBXFileReference; lastKnownFileType = sourcecode.swift; path = CurrencyViewModel.swift; sourceTree = "<group>"; };
		9104C18F250E1AFE003BF041 /* BaseCurrencyPresenter.swift */ = {isa = PBXFileReference; lastKnownFileType = sourcecode.swift; path = BaseCurrencyPresenter.swift; sourceTree = "<group>"; };
		9104C191250E1B5E003BF041 /* DomainCurrencyModel.swift */ = {isa = PBXFileReference; lastKnownFileType = sourcecode.swift; path = DomainCurrencyModel.swift; sourceTree = "<group>"; };
		9104C193250E1C96003BF041 /* Currency.swift */ = {isa = PBXFileReference; lastKnownFileType = sourcecode.swift; path = Currency.swift; sourceTree = "<group>"; };
		9104C195250E1F37003BF041 /* GetCurrenciesUseCase.swift */ = {isa = PBXFileReference; lastKnownFileType = sourcecode.swift; path = GetCurrenciesUseCase.swift; sourceTree = "<group>"; };
		9104C197250E20B1003BF041 /* BaseCurrencySceneAssembly.swift */ = {isa = PBXFileReference; lastKnownFileType = sourcecode.swift; path = BaseCurrencySceneAssembly.swift; sourceTree = "<group>"; };
		9104C199250E239D003BF041 /* CurrencyTableCell.swift */ = {isa = PBXFileReference; lastKnownFileType = sourcecode.swift; path = CurrencyTableCell.swift; sourceTree = "<group>"; };
		9104C19B250E65AD003BF041 /* DomainSignUpModel.swift */ = {isa = PBXFileReference; lastKnownFileType = sourcecode.swift; path = DomainSignUpModel.swift; sourceTree = "<group>"; };
		9104C19D250E6D40003BF041 /* SignUp.swift */ = {isa = PBXFileReference; lastKnownFileType = sourcecode.swift; path = SignUp.swift; sourceTree = "<group>"; };
		9104C19F250F1D9E003BF041 /* UserCredentials.swift */ = {isa = PBXFileReference; lastKnownFileType = sourcecode.swift; path = UserCredentials.swift; sourceTree = "<group>"; };
		9104C1A1250F1F3C003BF041 /* DomainUserCredentialsModel.swift */ = {isa = PBXFileReference; lastKnownFileType = sourcecode.swift; path = DomainUserCredentialsModel.swift; sourceTree = "<group>"; };
		9104C1A3250F1FEC003BF041 /* DomainAuthModel.swift */ = {isa = PBXFileReference; lastKnownFileType = sourcecode.swift; path = DomainAuthModel.swift; sourceTree = "<group>"; };
		9104C1A7250F2383003BF041 /* Constants.swift */ = {isa = PBXFileReference; lastKnownFileType = sourcecode.swift; path = Constants.swift; sourceTree = "<group>"; };
		9104C1A9250F2428003BF041 /* SaveUserCredentialsUseCase.swift */ = {isa = PBXFileReference; lastKnownFileType = sourcecode.swift; path = SaveUserCredentialsUseCase.swift; sourceTree = "<group>"; };
		9104C1AB250F2539003BF041 /* DomainSignInModel.swift */ = {isa = PBXFileReference; lastKnownFileType = sourcecode.swift; path = DomainSignInModel.swift; sourceTree = "<group>"; };
		9104C1AD250F29F8003BF041 /* ProfilePresenter.swift */ = {isa = PBXFileReference; lastKnownFileType = sourcecode.swift; path = ProfilePresenter.swift; sourceTree = "<group>"; };
		9104C1AF250F2A3C003BF041 /* ProfileSceneAssembly.swift */ = {isa = PBXFileReference; lastKnownFileType = sourcecode.swift; path = ProfileSceneAssembly.swift; sourceTree = "<group>"; };
		9104C1B1250F2B92003BF041 /* DeleteUserCredentialsUseCase.swift */ = {isa = PBXFileReference; lastKnownFileType = sourcecode.swift; path = DeleteUserCredentialsUseCase.swift; sourceTree = "<group>"; };
		9104C1B3250F33B8003BF041 /* GetUserCredentialsUseCase.swift */ = {isa = PBXFileReference; lastKnownFileType = sourcecode.swift; path = GetUserCredentialsUseCase.swift; sourceTree = "<group>"; };
		9104C1B6250F3497003BF041 /* StartViewController.swift */ = {isa = PBXFileReference; lastKnownFileType = sourcecode.swift; path = StartViewController.swift; sourceTree = "<group>"; };
		9104C1B8250F34B0003BF041 /* StartPresenter.swift */ = {isa = PBXFileReference; lastKnownFileType = sourcecode.swift; path = StartPresenter.swift; sourceTree = "<group>"; };
		9104C1BA250F379F003BF041 /* StartSceneAssembly.swift */ = {isa = PBXFileReference; lastKnownFileType = sourcecode.swift; path = StartSceneAssembly.swift; sourceTree = "<group>"; };
		9104C1C425107F82003BF041 /* AccountTextFieldTableCell.swift */ = {isa = PBXFileReference; lastKnownFileType = sourcecode.swift; path = AccountTextFieldTableCell.swift; sourceTree = "<group>"; };
		9104C1C625108459003BF041 /* AccountSegmentedTableCell.swift */ = {isa = PBXFileReference; lastKnownFileType = sourcecode.swift; path = AccountSegmentedTableCell.swift; sourceTree = "<group>"; };
		9104C21825130B43003BF041 /* CreateUpdateAccount.swift */ = {isa = PBXFileReference; lastKnownFileType = sourcecode.swift; path = CreateUpdateAccount.swift; sourceTree = "<group>"; };
		9104C21C25147475003BF041 /* CategoryCollectionCell.swift */ = {isa = PBXFileReference; lastKnownFileType = sourcecode.swift; path = CategoryCollectionCell.swift; sourceTree = "<group>"; };
		9104C21F25147874003BF041 /* UIColor.swift */ = {isa = PBXFileReference; lastKnownFileType = sourcecode.swift; path = UIColor.swift; sourceTree = "<group>"; };
		910DEEB32574A50F0053A2E0 /* BottomBar.swift */ = {isa = PBXFileReference; lastKnownFileType = sourcecode.swift; path = BottomBar.swift; sourceTree = "<group>"; };
		9166BC922532E27600A23196 /* DeleteOperationUseCase.swift */ = {isa = PBXFileReference; lastKnownFileType = sourcecode.swift; path = DeleteOperationUseCase.swift; sourceTree = "<group>"; };
		9166BC95256A2EFC00A23196 /* OperationViewController.swift */ = {isa = PBXFileReference; lastKnownFileType = sourcecode.swift; path = OperationViewController.swift; sourceTree = "<group>"; };
		9166BC97256A2F0E00A23196 /* OperationPresenter.swift */ = {isa = PBXFileReference; lastKnownFileType = sourcecode.swift; path = OperationPresenter.swift; sourceTree = "<group>"; };
		9166BC99256A2F1E00A23196 /* OperationSceneAssembly.swift */ = {isa = PBXFileReference; lastKnownFileType = sourcecode.swift; path = OperationSceneAssembly.swift; sourceTree = "<group>"; };
		9175DB91262A891200480957 /* String.swift */ = {isa = PBXFileReference; lastKnownFileType = sourcecode.swift; path = String.swift; sourceTree = "<group>"; };
		91957A772515D7720027249A /* CategoryView.swift */ = {isa = PBXFileReference; lastKnownFileType = sourcecode.swift; path = CategoryView.swift; sourceTree = "<group>"; };
		91957A792531717D0027249A /* Operation.swift */ = {isa = PBXFileReference; lastKnownFileType = sourcecode.swift; path = Operation.swift; sourceTree = "<group>"; };
		91957A7B253171A00027249A /* Paginated.swift */ = {isa = PBXFileReference; lastKnownFileType = sourcecode.swift; path = Paginated.swift; sourceTree = "<group>"; };
		91957A7D253172A30027249A /* DomainOperationModel.swift */ = {isa = PBXFileReference; lastKnownFileType = sourcecode.swift; path = DomainOperationModel.swift; sourceTree = "<group>"; };
		91957A7F2531791F0027249A /* GetOperationsUseCase.swift */ = {isa = PBXFileReference; lastKnownFileType = sourcecode.swift; path = GetOperationsUseCase.swift; sourceTree = "<group>"; };
		91957A8225318C700027249A /* OperationsViewController.swift */ = {isa = PBXFileReference; lastKnownFileType = sourcecode.swift; path = OperationsViewController.swift; sourceTree = "<group>"; };
		91957A8425318D000027249A /* OperationViewModel.swift */ = {isa = PBXFileReference; lastKnownFileType = sourcecode.swift; path = OperationViewModel.swift; sourceTree = "<group>"; };
		91957A8625318D580027249A /* OperationsPresenter.swift */ = {isa = PBXFileReference; lastKnownFileType = sourcecode.swift; path = OperationsPresenter.swift; sourceTree = "<group>"; };
		91957A8825318F3A0027249A /* OperationsSceneAssembly.swift */ = {isa = PBXFileReference; lastKnownFileType = sourcecode.swift; path = OperationsSceneAssembly.swift; sourceTree = "<group>"; };
		91A39C67262B49AF00A44080 /* MenuButton.swift */ = {isa = PBXFileReference; lastKnownFileType = sourcecode.swift; path = MenuButton.swift; sourceTree = "<group>"; };
		91A85DA524ABDDA400B7A630 /* PiggyBank.app */ = {isa = PBXFileReference; explicitFileType = wrapper.application; includeInIndex = 0; path = PiggyBank.app; sourceTree = BUILT_PRODUCTS_DIR; };
		91A85DA824ABDDA400B7A630 /* AppDelegate.swift */ = {isa = PBXFileReference; lastKnownFileType = sourcecode.swift; path = AppDelegate.swift; sourceTree = "<group>"; };
		91A85DB124ABDDA800B7A630 /* Assets.xcassets */ = {isa = PBXFileReference; lastKnownFileType = folder.assetcatalog; path = Assets.xcassets; sourceTree = "<group>"; };
		91A85DB424ABDDA800B7A630 /* Base */ = {isa = PBXFileReference; lastKnownFileType = file.storyboard; name = Base; path = Base.lproj/LaunchScreen.storyboard; sourceTree = "<group>"; };
		91A85DB624ABDDA800B7A630 /* Info.plist */ = {isa = PBXFileReference; lastKnownFileType = text.plist.xml; path = Info.plist; sourceTree = "<group>"; };
		91A85DBC24ABDE2C00B7A630 /* AuthViewController.swift */ = {isa = PBXFileReference; lastKnownFileType = sourcecode.swift; path = AuthViewController.swift; sourceTree = "<group>"; };
		91A85DD824AC611F00B7A630 /* APIManager.swift */ = {isa = PBXFileReference; lastKnownFileType = sourcecode.swift; path = APIManager.swift; sourceTree = "<group>"; };
		91A85DDE24B4C49300B7A630 /* SignUpUseCase.swift */ = {isa = PBXFileReference; lastKnownFileType = sourcecode.swift; path = SignUpUseCase.swift; sourceTree = "<group>"; };
		91A85DE124B4C50300B7A630 /* UseCasesDTOs.swift */ = {isa = PBXFileReference; lastKnownFileType = sourcecode.swift; path = UseCasesDTOs.swift; sourceTree = "<group>"; };
		91A85DE424B4C5D900B7A630 /* Result.swift */ = {isa = PBXFileReference; lastKnownFileType = sourcecode.swift; path = Result.swift; sourceTree = "<group>"; };
		91A85DE824B64B7D00B7A630 /* SignInUseCase.swift */ = {isa = PBXFileReference; lastKnownFileType = sourcecode.swift; path = SignInUseCase.swift; sourceTree = "<group>"; };
		91A85DED24CB308000B7A630 /* AccountsViewController.swift */ = {isa = PBXFileReference; lastKnownFileType = sourcecode.swift; path = AccountsViewController.swift; sourceTree = "<group>"; };
		91A85DEF24CB30BC00B7A630 /* AccountsDTOs.swift */ = {isa = PBXFileReference; lastKnownFileType = sourcecode.swift; path = AccountsDTOs.swift; sourceTree = "<group>"; };
		91A85DF124CB326700B7A630 /* AccountsPresenter.swift */ = {isa = PBXFileReference; lastKnownFileType = sourcecode.swift; path = AccountsPresenter.swift; sourceTree = "<group>"; };
		91A85DF324CB385400B7A630 /* Account.swift */ = {isa = PBXFileReference; lastKnownFileType = sourcecode.swift; path = Account.swift; sourceTree = "<group>"; };
		91A85DF524CB39DE00B7A630 /* GetAccountsUseCase.swift */ = {isa = PBXFileReference; lastKnownFileType = sourcecode.swift; path = GetAccountsUseCase.swift; sourceTree = "<group>"; };
		91A85DF724CB3D0E00B7A630 /* AccountsAssembly.swift */ = {isa = PBXFileReference; lastKnownFileType = sourcecode.swift; path = AccountsAssembly.swift; sourceTree = "<group>"; };
		91A85DF924CD229800B7A630 /* CreateUpdateAccountUseCase.swift */ = {isa = PBXFileReference; lastKnownFileType = sourcecode.swift; path = CreateUpdateAccountUseCase.swift; sourceTree = "<group>"; };
		91A85DFD24CEFC1500B7A630 /* DeleteAccountUseCase.swift */ = {isa = PBXFileReference; lastKnownFileType = sourcecode.swift; path = DeleteAccountUseCase.swift; sourceTree = "<group>"; };
		91A85E0124D04F0700B7A630 /* MainBarViewController.swift */ = {isa = PBXFileReference; lastKnownFileType = sourcecode.swift; path = MainBarViewController.swift; sourceTree = "<group>"; };
		91A85E0424D0519800B7A630 /* CategoriesViewController.swift */ = {isa = PBXFileReference; lastKnownFileType = sourcecode.swift; path = CategoriesViewController.swift; sourceTree = "<group>"; };
		91C028342515B616005F30F0 /* CreateUpdateCategory.swift */ = {isa = PBXFileReference; lastKnownFileType = sourcecode.swift; path = CreateUpdateCategory.swift; sourceTree = "<group>"; };
		91C26F9F2515C01B00C999BE /* CategoryPresenter.swift */ = {isa = PBXFileReference; lastKnownFileType = sourcecode.swift; path = CategoryPresenter.swift; sourceTree = "<group>"; };
		91C26FA12515C0E300C999BE /* CategorySceneAssembly.swift */ = {isa = PBXFileReference; lastKnownFileType = sourcecode.swift; path = CategorySceneAssembly.swift; sourceTree = "<group>"; };
		91C26FA32515CF7700C999BE /* Colors.swift */ = {isa = PBXFileReference; lastKnownFileType = sourcecode.swift; path = Colors.swift; sourceTree = "<group>"; };
		91C26FA52515D28B00C999BE /* ColorCollectionCell.swift */ = {isa = PBXFileReference; lastKnownFileType = sourcecode.swift; path = ColorCollectionCell.swift; sourceTree = "<group>"; };
/* End PBXFileReference section */

/* Begin PBXFrameworksBuildPhase section */
		91A85DA224ABDDA400B7A630 /* Frameworks */ = {
			isa = PBXFrameworksBuildPhase;
			buildActionMask = 2147483647;
			files = (
				7113505426272C8A00572CB9 /* Charts in Frameworks */,
				711F589C26331ADF00381BEF /* Swinject in Frameworks */,
				711F58A026331B1600381BEF /* SwinjectAutoregistration in Frameworks */,
			);
			runOnlyForDeploymentPostprocessing = 0;
		};
/* End PBXFrameworksBuildPhase section */

/* Begin PBXGroup section */
		3C247C3E2572A20100658BC4 /* Views */ = {
			isa = PBXGroup;
			children = (
				91A39C66262B499C00A44080 /* Menu */,
				3C247C3F2572A21A00658BC4 /* FlexView.swift */,
				910DEEB32574A50F0053A2E0 /* BottomBar.swift */,
				7152CFA52629628A00096331 /* CategoryOperationInfoTableViewCell.swift */,
				719C433E262B5AE8004C92F3 /* PiggySegmentedControl.swift */,
				71E5D7BB262C832F002A9827 /* DatePickerDialog.swift */,
				71337D1E263E9B7200EC7F3D /* PrimaryButton.swift */,
				71337D26263EA67A00EC7F3D /* SecondaryButton.swift */,
				7167A5022649146C000E39A4 /* PiggyTextField.swift */,
			);
			path = Views;
			sourceTree = "<group>";
		};
		7113501F2621C34200572CB9 /* ReportsScene */ = {
			isa = PBXGroup;
			children = (
				711350202621C38F00572CB9 /* ReportsViewController.swift */,
				711350242621C39F00572CB9 /* ReportsPresenter.swift */,
			);
			path = ReportsScene;
			sourceTree = "<group>";
		};
		711F584426300C7600381BEF /* RemoteDataSources */ = {
			isa = PBXGroup;
			children = (
				711F584526300CD000381BEF /* SignUpRemoteDataSource.swift */,
				711F584926300DE900381BEF /* SignInRemoteDataSource.swift */,
				711F5856263011A900381BEF /* AccountRemoteDataSource.swift */,
				711F5862263013E500381BEF /* CategoriesRemoteDataSource.swift */,
				711F58742630182600381BEF /* CurrenciesRemoteDataSource.swift */,
				711F588326301CD700381BEF /* OperationsRemoteDataSource.swift */,
				711F58952630212600381BEF /* ReportsRemoteDataSource.swift */,
			);
			path = RemoteDataSources;
			sourceTree = "<group>";
		};
		71337D16263D87DD00EC7F3D /* HomeScene */ = {
			isa = PBXGroup;
			children = (
				71337D17263D880A00EC7F3D /* HomeViewController.swift */,
				71337D29263EAA1D00EC7F3D /* HomePresenter.swift */,
			);
			path = HomeScene;
			sourceTree = "<group>";
		};
		71337D2C263EE8A000EC7F3D /* LoginScene */ = {
			isa = PBXGroup;
			children = (
				71337D2E263EE8FB00EC7F3D /* LoginViewController.swift */,
				71337D31263EE91200EC7F3D /* LoginPresenter.swift */,
			);
			path = LoginScene;
			sourceTree = "<group>";
		};
		71420C602638766A00DAB9C7 /* Protocols */ = {
			isa = PBXGroup;
			children = (
				71420C612638768200DAB9C7 /* SignUpRepository.swift */,
				71420C6E263877AA00DAB9C7 /* SignInRepository.swift */,
				71420C65263876D300DAB9C7 /* AccountRepository.swift */,
				71420C682638775E00DAB9C7 /* CategoriesRepository.swift */,
				71420C6B2638777C00DAB9C7 /* CurrenciesRepository.swift */,
				71420C71263877CC00DAB9C7 /* UserCredentialsRepository.swift */,
				71420C752638784A00DAB9C7 /* OperationsRepository.swift */,
				71420C78263878B700DAB9C7 /* ReportsRepository.swift */,
			);
			path = Protocols;
			sourceTree = "<group>";
		};
		71E5D7C1262FFD88002A9827 /* Models */ = {
			isa = PBXGroup;
			children = (
				91A85DF324CB385400B7A630 /* Account.swift */,
				9104C13824FBCEF3003BF041 /* Category.swift */,
				9104C193250E1C96003BF041 /* Currency.swift */,
				9104C19D250E6D40003BF041 /* SignUp.swift */,
				9104C19F250F1D9E003BF041 /* UserCredentials.swift */,
				9104C21825130B43003BF041 /* CreateUpdateAccount.swift */,
				91C028342515B616005F30F0 /* CreateUpdateCategory.swift */,
				91957A792531717D0027249A /* Operation.swift */,
				91957A7B253171A00027249A /* Paginated.swift */,
				3C15C54525734722005E209B /* SignIn.swift */,
				3C15C54C2573E795005E209B /* CreateUpdateTransferOperation.swift */,
				7113502D2621CFF500572CB9 /* Reports.swift */,
			);
			path = Models;
			sourceTree = "<group>";
		};
		71E5D7D526300830002A9827 /* Scenes */ = {
			isa = PBXGroup;
			children = (
				71337D2C263EE8A000EC7F3D /* LoginScene */,
				71337D16263D87DD00EC7F3D /* HomeScene */,
				7113501F2621C34200572CB9 /* ReportsScene */,
				9104C178250DD6BC003BF041 /* AccountScene */,
				91A85DEC24CB304B00B7A630 /* AccountsScene */,
				91A85DC224ABE8AD00B7A630 /* AuthScene */,
				9104C18A250E1722003BF041 /* BaseCurrencyScene */,
				91A85E0324D0517000B7A630 /* CategoriesScene */,
				91C26F9E2515BE3800C999BE /* CategoryScene */,
				9166BC94256A2EEB00A23196 /* OperationScene */,
				91957A8125318C540027249A /* OperationsScene */,
				9104C13324FBC6EC003BF041 /* ProfileScene */,
				9104C1B5250F347C003BF041 /* StartScene */,
			);
			path = Scenes;
			sourceTree = "<group>";
		};
		71E5D7D626300900002A9827 /* Repository */ = {
			isa = PBXGroup;
			children = (
				71420C602638766A00DAB9C7 /* Protocols */,
				71E5D7D82630098F002A9827 /* SignUpDataRepository.swift */,
				711F584126300B7500381BEF /* SignInDataRepository.swift */,
				711F5853263010EB00381BEF /* AccountDataRepository.swift */,
				711F585F2630139D00381BEF /* CategoriesDataRepository.swift */,
				711F5871263017E200381BEF /* CurrenciesDataRepository.swift */,
				711F58772630190800381BEF /* UserCredentialsDataRepository.swift */,
				711F588026301C8D00381BEF /* OperationsDataRepository.swift */,
				711F5892263020BB00381BEF /* ReportsDataRepository.swift */,
			);
			path = Repository;
			sourceTree = "<group>";
		};
		9104C13324FBC6EC003BF041 /* ProfileScene */ = {
			isa = PBXGroup;
			children = (
				9104C13424FBC705003BF041 /* ProfileViewController.swift */,
				9104C1AD250F29F8003BF041 /* ProfilePresenter.swift */,
			);
			path = ProfileScene;
			sourceTree = "<group>";
		};
		9104C16B250409A4003BF041 /* Models */ = {
			isa = PBXGroup;
			children = (
				9104C16C250409CF003BF041 /* DomainCategoryModel.swift */,
				9104C180250DE01F003BF041 /* DomainAccountModel.swift */,
				9104C191250E1B5E003BF041 /* DomainCurrencyModel.swift */,
				9104C19B250E65AD003BF041 /* DomainSignUpModel.swift */,
				9104C1A1250F1F3C003BF041 /* DomainUserCredentialsModel.swift */,
				9104C1A3250F1FEC003BF041 /* DomainAuthModel.swift */,
				9104C1AB250F2539003BF041 /* DomainSignInModel.swift */,
				91957A7D253172A30027249A /* DomainOperationModel.swift */,
				3C15C54F2573EA46005E209B /* DomainCreateUpdateTransferOperationModel.swift */,
				711350332622075E00572CB9 /* DomainCategoryReportModel.swift */,
			);
			path = Models;
			sourceTree = "<group>";
		};
		9104C178250DD6BC003BF041 /* AccountScene */ = {
			isa = PBXGroup;
			children = (
				9104C179250DD6DD003BF041 /* AccountViewController.swift */,
				9104C17E250DDBB6003BF041 /* AccountPresenter.swift */,
				9104C1C425107F82003BF041 /* AccountTextFieldTableCell.swift */,
				9104C1C625108459003BF041 /* AccountSegmentedTableCell.swift */,
			);
			path = AccountScene;
			sourceTree = "<group>";
		};
		9104C17B250DD7FB003BF041 /* ViewModels */ = {
			isa = PBXGroup;
			children = (
				9104C17C250DD814003BF041 /* AccountViewModel.swift */,
				9104C18D250E177D003BF041 /* CurrencyViewModel.swift */,
				9104C14024FBD86D003BF041 /* CategoryViewModel.swift */,
				91957A8425318D000027249A /* OperationViewModel.swift */,
				7113503B2625CB5000572CB9 /* ReportViewModel.swift */,
			);
			path = ViewModels;
			sourceTree = "<group>";
		};
		9104C18A250E1722003BF041 /* BaseCurrencyScene */ = {
			isa = PBXGroup;
			children = (
				9104C18B250E174D003BF041 /* BaseCurrencyViewController.swift */,
				9104C18F250E1AFE003BF041 /* BaseCurrencyPresenter.swift */,
				9104C199250E239D003BF041 /* CurrencyTableCell.swift */,
			);
			path = BaseCurrencyScene;
			sourceTree = "<group>";
		};
		9104C1B5250F347C003BF041 /* StartScene */ = {
			isa = PBXGroup;
			children = (
				9104C1B6250F3497003BF041 /* StartViewController.swift */,
				9104C1B8250F34B0003BF041 /* StartPresenter.swift */,
			);
			path = StartScene;
			sourceTree = "<group>";
		};
		9104C21E2514785E003BF041 /* Extensions */ = {
			isa = PBXGroup;
			children = (
				9104C21F25147874003BF041 /* UIColor.swift */,
				3CC950CC256A714C0074C7B6 /* UIImage.swift */,
				3CC950CF256A75450074C7B6 /* UISegmentedControl.swift */,
				7113503E2626141E00572CB9 /* Date.swift */,
				9175DB91262A891200480957 /* String.swift */,
				7167A50026490A02000E39A4 /* UIViewController+NavBar.swift */,
			);
			path = Extensions;
			sourceTree = "<group>";
		};
		9166BC94256A2EEB00A23196 /* OperationScene */ = {
			isa = PBXGroup;
			children = (
				9166BC95256A2EFC00A23196 /* OperationViewController.swift */,
				9166BC97256A2F0E00A23196 /* OperationPresenter.swift */,
			);
			path = OperationScene;
			sourceTree = "<group>";
		};
		91957A8125318C540027249A /* OperationsScene */ = {
			isa = PBXGroup;
			children = (
				91957A8225318C700027249A /* OperationsViewController.swift */,
				91957A8625318D580027249A /* OperationsPresenter.swift */,
			);
			path = OperationsScene;
			sourceTree = "<group>";
		};
		91A39C66262B499C00A44080 /* Menu */ = {
			isa = PBXGroup;
			children = (
				91A39C67262B49AF00A44080 /* MenuButton.swift */,
			);
			path = Menu;
			sourceTree = "<group>";
		};
		91A85D9C24ABDDA400B7A630 = {
			isa = PBXGroup;
			children = (
				91A85DA724ABDDA400B7A630 /* PiggyBank */,
				91A85DA624ABDDA400B7A630 /* Products */,
			);
			sourceTree = "<group>";
		};
		91A85DA624ABDDA400B7A630 /* Products */ = {
			isa = PBXGroup;
			children = (
				91A85DA524ABDDA400B7A630 /* PiggyBank.app */,
			);
			name = Products;
			sourceTree = "<group>";
		};
		91A85DA724ABDDA400B7A630 /* PiggyBank */ = {
			isa = PBXGroup;
			children = (
				71E5D7D526300830002A9827 /* Scenes */,
				3C247C3E2572A20100658BC4 /* Views */,
				9104C21E2514785E003BF041 /* Extensions */,
				9104C17B250DD7FB003BF041 /* ViewModels */,
				91A85DE324B4C5CC00B7A630 /* Globals */,
				91A85DDC24B4C43500B7A630 /* Domain */,
				91A85DD724AC610C00B7A630 /* Network */,
				91A85DCB24AC4B1400B7A630 /* Assemblies */,
				91A85DA824ABDDA400B7A630 /* AppDelegate.swift */,
				91A85DB124ABDDA800B7A630 /* Assets.xcassets */,
				91A85DB324ABDDA800B7A630 /* LaunchScreen.storyboard */,
				91A85DB624ABDDA800B7A630 /* Info.plist */,
				91A85E0124D04F0700B7A630 /* MainBarViewController.swift */,
			);
			path = PiggyBank;
			sourceTree = "<group>";
		};
		91A85DC224ABE8AD00B7A630 /* AuthScene */ = {
			isa = PBXGroup;
			children = (
				91A85DBC24ABDE2C00B7A630 /* AuthViewController.swift */,
				9104C188250DF76D003BF041 /* AuthPresenter.swift */,
			);
			path = AuthScene;
			sourceTree = "<group>";
		};
		91A85DCB24AC4B1400B7A630 /* Assemblies */ = {
			isa = PBXGroup;
			children = (
				711F58A22633252E00381BEF /* DependencyProvider.swift */,
				9104C1BA250F379F003BF041 /* StartSceneAssembly.swift */,
				711350272621C3B900572CB9 /* ReportsSceneAssembly.swift */,
				91A85DF724CB3D0E00B7A630 /* AccountsAssembly.swift */,
				9104C13624FBC86B003BF041 /* CategoriesAssembly.swift */,
				91957A8825318F3A0027249A /* OperationsSceneAssembly.swift */,
				9104C1AF250F2A3C003BF041 /* ProfileSceneAssembly.swift */,
				9104C184250DE3D7003BF041 /* AccountSceneAssembly.swift */,
				9104C186250DF6D9003BF041 /* AuthSceneAssembly.swift */,
				9104C197250E20B1003BF041 /* BaseCurrencySceneAssembly.swift */,
				91C26FA12515C0E300C999BE /* CategorySceneAssembly.swift */,
				9166BC99256A2F1E00A23196 /* OperationSceneAssembly.swift */,
				71337D1B263D88C300EC7F3D /* HomeSceneAssembly.swift */,
				71337D34263EE97200EC7F3D /* LoginSceneAssembly.swift */,
			);
			path = Assemblies;
			sourceTree = "<group>";
		};
		91A85DD724AC610C00B7A630 /* Network */ = {
			isa = PBXGroup;
			children = (
				711F584426300C7600381BEF /* RemoteDataSources */,
				71E5D7C1262FFD88002A9827 /* Models */,
				91A85DD824AC611F00B7A630 /* APIManager.swift */,
			);
			path = Network;
			sourceTree = "<group>";
		};
		91A85DDC24B4C43500B7A630 /* Domain */ = {
			isa = PBXGroup;
			children = (
				71E5D7D626300900002A9827 /* Repository */,
				9104C16B250409A4003BF041 /* Models */,
				91A85DDD24B4C45100B7A630 /* UseCases */,
				91A85DE124B4C50300B7A630 /* UseCasesDTOs.swift */,
			);
			path = Domain;
			sourceTree = "<group>";
		};
		91A85DDD24B4C45100B7A630 /* UseCases */ = {
			isa = PBXGroup;
			children = (
				91A85DDE24B4C49300B7A630 /* SignUpUseCase.swift */,
				91A85DE824B64B7D00B7A630 /* SignInUseCase.swift */,
				91A85DF524CB39DE00B7A630 /* GetAccountsUseCase.swift */,
				91A85DF924CD229800B7A630 /* CreateUpdateAccountUseCase.swift */,
				91A85DFD24CEFC1500B7A630 /* DeleteAccountUseCase.swift */,
				9104C13A24FBCFD3003BF041 /* GetCategoriesUseCase.swift */,
				9104C17225051C3B003BF041 /* DeleteCategoryUseCase.swift */,
				9104C17625052CDE003BF041 /* CreateUpdateCategoryUseCase.swift */,
				9104C195250E1F37003BF041 /* GetCurrenciesUseCase.swift */,
				9104C1A7250F2383003BF041 /* Constants.swift */,
				9104C1A9250F2428003BF041 /* SaveUserCredentialsUseCase.swift */,
				9104C1B1250F2B92003BF041 /* DeleteUserCredentialsUseCase.swift */,
				9104C1B3250F33B8003BF041 /* GetUserCredentialsUseCase.swift */,
				91957A7F2531791F0027249A /* GetOperationsUseCase.swift */,
				9166BC922532E27600A23196 /* DeleteOperationUseCase.swift */,
				3C15C548257385D7005E209B /* CreateUpdateTransferOperationUseCase.swift */,
				7113502A2621CBEA00572CB9 /* GetReportsByCategoryUseCase.swift */,
			);
			path = UseCases;
			sourceTree = "<group>";
		};
		91A85DE324B4C5CC00B7A630 /* Globals */ = {
			isa = PBXGroup;
			children = (
				91A85DE424B4C5D900B7A630 /* Result.swift */,
				9104C182250DE2B3003BF041 /* GrandConverter.swift */,
				91C26FA32515CF7700C999BE /* Colors.swift */,
				71337D21263EA13800EC7F3D /* Apperance.swift */,
			);
			path = Globals;
			sourceTree = "<group>";
		};
		91A85DEC24CB304B00B7A630 /* AccountsScene */ = {
			isa = PBXGroup;
			children = (
				91A85DED24CB308000B7A630 /* AccountsViewController.swift */,
				91A85DEF24CB30BC00B7A630 /* AccountsDTOs.swift */,
				91A85DF124CB326700B7A630 /* AccountsPresenter.swift */,
			);
			path = AccountsScene;
			sourceTree = "<group>";
		};
		91A85E0324D0517000B7A630 /* CategoriesScene */ = {
			isa = PBXGroup;
			children = (
				91A85E0424D0519800B7A630 /* CategoriesViewController.swift */,
				9104C13C24FBD2BF003BF041 /* CategoriesPresenter.swift */,
				9104C21C25147475003BF041 /* CategoryCollectionCell.swift */,
			);
			path = CategoriesScene;
			sourceTree = "<group>";
		};
		91C26F9E2515BE3800C999BE /* CategoryScene */ = {
			isa = PBXGroup;
			children = (
				9104C170250415C4003BF041 /* CategoryViewController.swift */,
				91C26F9F2515C01B00C999BE /* CategoryPresenter.swift */,
				91C26FA52515D28B00C999BE /* ColorCollectionCell.swift */,
				91957A772515D7720027249A /* CategoryView.swift */,
			);
			path = CategoryScene;
			sourceTree = "<group>";
		};
/* End PBXGroup section */

/* Begin PBXNativeTarget section */
		91A85DA424ABDDA400B7A630 /* PiggyBank */ = {
			isa = PBXNativeTarget;
			buildConfigurationList = 91A85DB924ABDDA800B7A630 /* Build configuration list for PBXNativeTarget "PiggyBank" */;
			buildPhases = (
				91A85DA124ABDDA400B7A630 /* Sources */,
				91A85DA224ABDDA400B7A630 /* Frameworks */,
				91A85DA324ABDDA400B7A630 /* Resources */,
				9175DB8A262A2C3800480957 /* ShellScript */,
			);
			buildRules = (
			);
			dependencies = (
			);
			name = PiggyBank;
			packageProductDependencies = (
				7113505326272C8A00572CB9 /* Charts */,
				711F589B26331ADF00381BEF /* Swinject */,
				711F589F26331B1600381BEF /* SwinjectAutoregistration */,
			);
			productName = PiggyBank;
			productReference = 91A85DA524ABDDA400B7A630 /* PiggyBank.app */;
			productType = "com.apple.product-type.application";
		};
/* End PBXNativeTarget section */

/* Begin PBXProject section */
		91A85D9D24ABDDA400B7A630 /* Project object */ = {
			isa = PBXProject;
			attributes = {
				LastSwiftUpdateCheck = 1130;
				LastUpgradeCheck = 1130;
				ORGANIZATIONNAME = "Dave Chupreev";
				TargetAttributes = {
					91A85DA424ABDDA400B7A630 = {
						CreatedOnToolsVersion = 11.3.1;
					};
				};
			};
			buildConfigurationList = 91A85DA024ABDDA400B7A630 /* Build configuration list for PBXProject "PiggyBank" */;
			compatibilityVersion = "Xcode 9.3";
			developmentRegion = en;
			hasScannedForEncodings = 0;
			knownRegions = (
				en,
				Base,
			);
			mainGroup = 91A85D9C24ABDDA400B7A630;
			packageReferences = (
				7113505226272C8A00572CB9 /* XCRemoteSwiftPackageReference "Charts" */,
				711F589A26331ADF00381BEF /* XCRemoteSwiftPackageReference "Swinject" */,
				711F589E26331B1600381BEF /* XCRemoteSwiftPackageReference "SwinjectAutoregistration" */,
			);
			productRefGroup = 91A85DA624ABDDA400B7A630 /* Products */;
			projectDirPath = "";
			projectRoot = "";
			targets = (
				91A85DA424ABDDA400B7A630 /* PiggyBank */,
			);
		};
/* End PBXProject section */

/* Begin PBXResourcesBuildPhase section */
		91A85DA324ABDDA400B7A630 /* Resources */ = {
			isa = PBXResourcesBuildPhase;
			buildActionMask = 2147483647;
			files = (
				91A85DB524ABDDA800B7A630 /* LaunchScreen.storyboard in Resources */,
				91A85DB224ABDDA800B7A630 /* Assets.xcassets in Resources */,
			);
			runOnlyForDeploymentPostprocessing = 0;
		};
/* End PBXResourcesBuildPhase section */

/* Begin PBXShellScriptBuildPhase section */
		9175DB8A262A2C3800480957 /* ShellScript */ = {
			isa = PBXShellScriptBuildPhase;
			buildActionMask = 2147483647;
			files = (
			);
			inputFileListPaths = (
			);
			inputPaths = (
			);
			outputFileListPaths = (
			);
			outputPaths = (
			);
			runOnlyForDeploymentPostprocessing = 0;
			shellPath = /bin/sh;
			shellScript = "./swiftlint\n";
		};
/* End PBXShellScriptBuildPhase section */

/* Begin PBXSourcesBuildPhase section */
		91A85DA124ABDDA400B7A630 /* Sources */ = {
			isa = PBXSourcesBuildPhase;
			buildActionMask = 2147483647;
			files = (
				9104C190250E1AFE003BF041 /* BaseCurrencyPresenter.swift in Sources */,
				9166BC9A256A2F1E00A23196 /* OperationSceneAssembly.swift in Sources */,
				9104C1B7250F3497003BF041 /* StartViewController.swift in Sources */,
				91957A802531791F0027249A /* GetOperationsUseCase.swift in Sources */,
				9104C17D250DD814003BF041 /* AccountViewModel.swift in Sources */,
				9104C187250DF6D9003BF041 /* AuthSceneAssembly.swift in Sources */,
				91957A8325318C700027249A /* OperationsViewController.swift in Sources */,
				71420C72263877CC00DAB9C7 /* UserCredentialsRepository.swift in Sources */,
				711F5893263020BB00381BEF /* ReportsDataRepository.swift in Sources */,
				71337D1F263E9B7200EC7F3D /* PrimaryButton.swift in Sources */,
				91C26FA02515C01B00C999BE /* CategoryPresenter.swift in Sources */,
				9104C19E250E6D40003BF041 /* SignUp.swift in Sources */,
				9166BC96256A2EFC00A23196 /* OperationViewController.swift in Sources */,
				71420C6F263877AA00DAB9C7 /* SignInRepository.swift in Sources */,
				91A85DBD24ABDE2C00B7A630 /* AuthViewController.swift in Sources */,
				711F5863263013E500381BEF /* CategoriesRemoteDataSource.swift in Sources */,
				71337D18263D880A00EC7F3D /* HomeViewController.swift in Sources */,
				9104C1A8250F2383003BF041 /* Constants.swift in Sources */,
				711F584626300CD000381BEF /* SignUpRemoteDataSource.swift in Sources */,
				9104C1B4250F33B8003BF041 /* GetUserCredentialsUseCase.swift in Sources */,
				711F584A26300DE900381BEF /* SignInRemoteDataSource.swift in Sources */,
				711F588426301CD700381BEF /* OperationsRemoteDataSource.swift in Sources */,
				9104C1B0250F2A3C003BF041 /* ProfileSceneAssembly.swift in Sources */,
				9104C16D250409CF003BF041 /* DomainCategoryModel.swift in Sources */,
				91957A7A2531717D0027249A /* Operation.swift in Sources */,
				711350252621C39F00572CB9 /* ReportsPresenter.swift in Sources */,
				71337D35263EE97200EC7F3D /* LoginSceneAssembly.swift in Sources */,
				91957A8525318D000027249A /* OperationViewModel.swift in Sources */,
				9104C22025147874003BF041 /* UIColor.swift in Sources */,
				91A85DFE24CEFC1500B7A630 /* DeleteAccountUseCase.swift in Sources */,
				9104C13B24FBCFD3003BF041 /* GetCategoriesUseCase.swift in Sources */,
				91A85DF024CB30BC00B7A630 /* AccountsDTOs.swift in Sources */,
				9104C21D25147475003BF041 /* CategoryCollectionCell.swift in Sources */,
				91A85DF424CB385400B7A630 /* Account.swift in Sources */,
				711F5857263011A900381BEF /* AccountRemoteDataSource.swift in Sources */,
				71337D32263EE91200EC7F3D /* LoginPresenter.swift in Sources */,
				711350342622075E00572CB9 /* DomainCategoryReportModel.swift in Sources */,
				9104C189250DF76D003BF041 /* AuthPresenter.swift in Sources */,
				91A39C68262B49AF00A44080 /* MenuButton.swift in Sources */,
				9104C181250DE01F003BF041 /* DomainAccountModel.swift in Sources */,
				7113503F2626141E00572CB9 /* Date.swift in Sources */,
				9104C13524FBC705003BF041 /* ProfileViewController.swift in Sources */,
				3C15C549257385D7005E209B /* CreateUpdateTransferOperationUseCase.swift in Sources */,
				9104C1AA250F2428003BF041 /* SaveUserCredentialsUseCase.swift in Sources */,
				71337D2F263EE8FB00EC7F3D /* LoginViewController.swift in Sources */,
				71337D1C263D88C300EC7F3D /* HomeSceneAssembly.swift in Sources */,
				9104C17325051C3B003BF041 /* DeleteCategoryUseCase.swift in Sources */,
				91957A8925318F3A0027249A /* OperationsSceneAssembly.swift in Sources */,
				7152CFA62629628A00096331 /* CategoryOperationInfoTableViewCell.swift in Sources */,
				9104C19C250E65AD003BF041 /* DomainSignUpModel.swift in Sources */,
				711F5872263017E200381BEF /* CurrenciesDataRepository.swift in Sources */,
				91C028352515B616005F30F0 /* CreateUpdateCategory.swift in Sources */,
				9166BC932532E27600A23196 /* DeleteOperationUseCase.swift in Sources */,
				9104C1C525107F82003BF041 /* AccountTextFieldTableCell.swift in Sources */,
				3CC950D0256A75450074C7B6 /* UISegmentedControl.swift in Sources */,
				711350212621C38F00572CB9 /* ReportsViewController.swift in Sources */,
				9104C21925130B43003BF041 /* CreateUpdateAccount.swift in Sources */,
				3C247C402572A21A00658BC4 /* FlexView.swift in Sources */,
				3C15C5502573EA46005E209B /* DomainCreateUpdateTransferOperationModel.swift in Sources */,
				9104C18C250E174D003BF041 /* BaseCurrencyViewController.swift in Sources */,
				71420C622638768200DAB9C7 /* SignUpRepository.swift in Sources */,
				9104C1AC250F2539003BF041 /* DomainSignInModel.swift in Sources */,
				91A85DE224B4C50300B7A630 /* UseCasesDTOs.swift in Sources */,
				91A85DFA24CD229800B7A630 /* CreateUpdateAccountUseCase.swift in Sources */,
				71E5D7BC262C832F002A9827 /* DatePickerDialog.swift in Sources */,
				71420C762638784A00DAB9C7 /* OperationsRepository.swift in Sources */,
				91C26FA22515C0E300C999BE /* CategorySceneAssembly.swift in Sources */,
				91C26FA42515CF7700C999BE /* Colors.swift in Sources */,
				71337D27263EA67A00EC7F3D /* SecondaryButton.swift in Sources */,
				9104C192250E1B5E003BF041 /* DomainCurrencyModel.swift in Sources */,
				9104C13924FBCEF3003BF041 /* Category.swift in Sources */,
				9104C1B9250F34B0003BF041 /* StartPresenter.swift in Sources */,
				9104C18E250E177D003BF041 /* CurrencyViewModel.swift in Sources */,
				71420C66263876D300DAB9C7 /* AccountRepository.swift in Sources */,
				711F58752630182600381BEF /* CurrenciesRemoteDataSource.swift in Sources */,
				9104C171250415C4003BF041 /* CategoryViewController.swift in Sources */,
				711F5854263010EB00381BEF /* AccountDataRepository.swift in Sources */,
				9104C1C725108459003BF041 /* AccountSegmentedTableCell.swift in Sources */,
				9104C13D24FBD2BF003BF041 /* CategoriesPresenter.swift in Sources */,
				91957A7C253171A00027249A /* Paginated.swift in Sources */,
				9104C17A250DD6DD003BF041 /* AccountViewController.swift in Sources */,
				7113502B2621CBEA00572CB9 /* GetReportsByCategoryUseCase.swift in Sources */,
				7167A50126490A02000E39A4 /* UIViewController+NavBar.swift in Sources */,
				91C26FA62515D28B00C999BE /* ColorCollectionCell.swift in Sources */,
				91957A7E253172A30027249A /* DomainOperationModel.swift in Sources */,
				711F58602630139D00381BEF /* CategoriesDataRepository.swift in Sources */,
				9104C1A4250F1FEC003BF041 /* DomainAuthModel.swift in Sources */,
				711F58A32633252E00381BEF /* DependencyProvider.swift in Sources */,
				910DEEB42574A50F0053A2E0 /* BottomBar.swift in Sources */,
				711F588126301C8D00381BEF /* OperationsDataRepository.swift in Sources */,
				9104C1A0250F1D9E003BF041 /* UserCredentials.swift in Sources */,
				71337D2A263EAA1D00EC7F3D /* HomePresenter.swift in Sources */,
				3C15C54625734722005E209B /* SignIn.swift in Sources */,
				9104C1A2250F1F3C003BF041 /* DomainUserCredentialsModel.swift in Sources */,
				9104C17F250DDBB6003BF041 /* AccountPresenter.swift in Sources */,
				711F58782630190800381BEF /* UserCredentialsDataRepository.swift in Sources */,
				3C15C54D2573E795005E209B /* CreateUpdateTransferOperation.swift in Sources */,
				71420C692638775E00DAB9C7 /* CategoriesRepository.swift in Sources */,
				91A85DDF24B4C49300B7A630 /* SignUpUseCase.swift in Sources */,
				7113503C2625CB5000572CB9 /* ReportViewModel.swift in Sources */,
				91A85DF224CB326700B7A630 /* AccountsPresenter.swift in Sources */,
				9104C194250E1C96003BF041 /* Currency.swift in Sources */,
				711F584226300B7500381BEF /* SignInDataRepository.swift in Sources */,
				91A85DA924ABDDA400B7A630 /* AppDelegate.swift in Sources */,
				9104C14124FBD86D003BF041 /* CategoryViewModel.swift in Sources */,
				9175DB92262A891200480957 /* String.swift in Sources */,
				9104C1AE250F29F8003BF041 /* ProfilePresenter.swift in Sources */,
				711350282621C3B900572CB9 /* ReportsSceneAssembly.swift in Sources */,
				9104C1B2250F2B92003BF041 /* DeleteUserCredentialsUseCase.swift in Sources */,
				9104C19A250E239D003BF041 /* CurrencyTableCell.swift in Sources */,
				91A85DE924B64B7D00B7A630 /* SignInUseCase.swift in Sources */,
				71337D22263EA13800EC7F3D /* Apperance.swift in Sources */,
				91A85DF624CB39DE00B7A630 /* GetAccountsUseCase.swift in Sources */,
				91A85DD924AC611F00B7A630 /* APIManager.swift in Sources */,
				9104C1BB250F379F003BF041 /* StartSceneAssembly.swift in Sources */,
				71E5D7D92630098F002A9827 /* SignUpDataRepository.swift in Sources */,
				719C433F262B5AE8004C92F3 /* PiggySegmentedControl.swift in Sources */,
				9104C185250DE3D7003BF041 /* AccountSceneAssembly.swift in Sources */,
				91A85DE524B4C5D900B7A630 /* Result.swift in Sources */,
				71420C6C2638777C00DAB9C7 /* CurrenciesRepository.swift in Sources */,
				7113502E2621CFF500572CB9 /* Reports.swift in Sources */,
				3CC950CD256A714C0074C7B6 /* UIImage.swift in Sources */,
				91957A8725318D580027249A /* OperationsPresenter.swift in Sources */,
				71420C79263878B700DAB9C7 /* ReportsRepository.swift in Sources */,
				9104C196250E1F37003BF041 /* GetCurrenciesUseCase.swift in Sources */,
				91957A782515D7730027249A /* CategoryView.swift in Sources */,
				9166BC98256A2F0E00A23196 /* OperationPresenter.swift in Sources */,
				9104C13724FBC86B003BF041 /* CategoriesAssembly.swift in Sources */,
				9104C17725052CDE003BF041 /* CreateUpdateCategoryUseCase.swift in Sources */,
				7167A5032649146C000E39A4 /* PiggyTextField.swift in Sources */,
				711F58962630212600381BEF /* ReportsRemoteDataSource.swift in Sources */,
				91A85DF824CB3D0E00B7A630 /* AccountsAssembly.swift in Sources */,
				91A85E0224D04F0700B7A630 /* MainBarViewController.swift in Sources */,
				9104C198250E20B1003BF041 /* BaseCurrencySceneAssembly.swift in Sources */,
				91A85DEE24CB308000B7A630 /* AccountsViewController.swift in Sources */,
				9104C183250DE2B3003BF041 /* GrandConverter.swift in Sources */,
				91A85E0524D0519800B7A630 /* CategoriesViewController.swift in Sources */,
			);
			runOnlyForDeploymentPostprocessing = 0;
		};
/* End PBXSourcesBuildPhase section */

/* Begin PBXVariantGroup section */
		91A85DB324ABDDA800B7A630 /* LaunchScreen.storyboard */ = {
			isa = PBXVariantGroup;
			children = (
				91A85DB424ABDDA800B7A630 /* Base */,
			);
			name = LaunchScreen.storyboard;
			sourceTree = "<group>";
		};
/* End PBXVariantGroup section */

/* Begin XCBuildConfiguration section */
		91A85DB724ABDDA800B7A630 /* Debug */ = {
			isa = XCBuildConfiguration;
			buildSettings = {
				ALWAYS_SEARCH_USER_PATHS = NO;
				CLANG_ANALYZER_NONNULL = YES;
				CLANG_ANALYZER_NUMBER_OBJECT_CONVERSION = YES_AGGRESSIVE;
				CLANG_CXX_LANGUAGE_STANDARD = "gnu++14";
				CLANG_CXX_LIBRARY = "libc++";
				CLANG_ENABLE_MODULES = YES;
				CLANG_ENABLE_OBJC_ARC = YES;
				CLANG_ENABLE_OBJC_WEAK = YES;
				CLANG_WARN_BLOCK_CAPTURE_AUTORELEASING = YES;
				CLANG_WARN_BOOL_CONVERSION = YES;
				CLANG_WARN_COMMA = YES;
				CLANG_WARN_CONSTANT_CONVERSION = YES;
				CLANG_WARN_DEPRECATED_OBJC_IMPLEMENTATIONS = YES;
				CLANG_WARN_DIRECT_OBJC_ISA_USAGE = YES_ERROR;
				CLANG_WARN_DOCUMENTATION_COMMENTS = YES;
				CLANG_WARN_EMPTY_BODY = YES;
				CLANG_WARN_ENUM_CONVERSION = YES;
				CLANG_WARN_INFINITE_RECURSION = YES;
				CLANG_WARN_INT_CONVERSION = YES;
				CLANG_WARN_NON_LITERAL_NULL_CONVERSION = YES;
				CLANG_WARN_OBJC_IMPLICIT_RETAIN_SELF = YES;
				CLANG_WARN_OBJC_LITERAL_CONVERSION = YES;
				CLANG_WARN_OBJC_ROOT_CLASS = YES_ERROR;
				CLANG_WARN_RANGE_LOOP_ANALYSIS = YES;
				CLANG_WARN_STRICT_PROTOTYPES = YES;
				CLANG_WARN_SUSPICIOUS_MOVE = YES;
				CLANG_WARN_UNGUARDED_AVAILABILITY = YES_AGGRESSIVE;
				CLANG_WARN_UNREACHABLE_CODE = YES;
				CLANG_WARN__DUPLICATE_METHOD_MATCH = YES;
				COPY_PHASE_STRIP = NO;
				DEBUG_INFORMATION_FORMAT = dwarf;
				ENABLE_STRICT_OBJC_MSGSEND = YES;
				ENABLE_TESTABILITY = YES;
				GCC_C_LANGUAGE_STANDARD = gnu11;
				GCC_DYNAMIC_NO_PIC = NO;
				GCC_NO_COMMON_BLOCKS = YES;
				GCC_OPTIMIZATION_LEVEL = 0;
				GCC_PREPROCESSOR_DEFINITIONS = (
					"DEBUG=1",
					"$(inherited)",
				);
				GCC_WARN_64_TO_32_BIT_CONVERSION = YES;
				GCC_WARN_ABOUT_RETURN_TYPE = YES_ERROR;
				GCC_WARN_UNDECLARED_SELECTOR = YES;
				GCC_WARN_UNINITIALIZED_AUTOS = YES_AGGRESSIVE;
				GCC_WARN_UNUSED_FUNCTION = YES;
				GCC_WARN_UNUSED_VARIABLE = YES;
				IPHONEOS_DEPLOYMENT_TARGET = 13.2;
				MTL_ENABLE_DEBUG_INFO = INCLUDE_SOURCE;
				MTL_FAST_MATH = YES;
				ONLY_ACTIVE_ARCH = YES;
				SDKROOT = iphoneos;
				SWIFT_ACTIVE_COMPILATION_CONDITIONS = DEBUG;
				SWIFT_OPTIMIZATION_LEVEL = "-Onone";
			};
			name = Debug;
		};
		91A85DB824ABDDA800B7A630 /* Release */ = {
			isa = XCBuildConfiguration;
			buildSettings = {
				ALWAYS_SEARCH_USER_PATHS = NO;
				CLANG_ANALYZER_NONNULL = YES;
				CLANG_ANALYZER_NUMBER_OBJECT_CONVERSION = YES_AGGRESSIVE;
				CLANG_CXX_LANGUAGE_STANDARD = "gnu++14";
				CLANG_CXX_LIBRARY = "libc++";
				CLANG_ENABLE_MODULES = YES;
				CLANG_ENABLE_OBJC_ARC = YES;
				CLANG_ENABLE_OBJC_WEAK = YES;
				CLANG_WARN_BLOCK_CAPTURE_AUTORELEASING = YES;
				CLANG_WARN_BOOL_CONVERSION = YES;
				CLANG_WARN_COMMA = YES;
				CLANG_WARN_CONSTANT_CONVERSION = YES;
				CLANG_WARN_DEPRECATED_OBJC_IMPLEMENTATIONS = YES;
				CLANG_WARN_DIRECT_OBJC_ISA_USAGE = YES_ERROR;
				CLANG_WARN_DOCUMENTATION_COMMENTS = YES;
				CLANG_WARN_EMPTY_BODY = YES;
				CLANG_WARN_ENUM_CONVERSION = YES;
				CLANG_WARN_INFINITE_RECURSION = YES;
				CLANG_WARN_INT_CONVERSION = YES;
				CLANG_WARN_NON_LITERAL_NULL_CONVERSION = YES;
				CLANG_WARN_OBJC_IMPLICIT_RETAIN_SELF = YES;
				CLANG_WARN_OBJC_LITERAL_CONVERSION = YES;
				CLANG_WARN_OBJC_ROOT_CLASS = YES_ERROR;
				CLANG_WARN_RANGE_LOOP_ANALYSIS = YES;
				CLANG_WARN_STRICT_PROTOTYPES = YES;
				CLANG_WARN_SUSPICIOUS_MOVE = YES;
				CLANG_WARN_UNGUARDED_AVAILABILITY = YES_AGGRESSIVE;
				CLANG_WARN_UNREACHABLE_CODE = YES;
				CLANG_WARN__DUPLICATE_METHOD_MATCH = YES;
				COPY_PHASE_STRIP = NO;
				DEBUG_INFORMATION_FORMAT = "dwarf-with-dsym";
				ENABLE_NS_ASSERTIONS = NO;
				ENABLE_STRICT_OBJC_MSGSEND = YES;
				GCC_C_LANGUAGE_STANDARD = gnu11;
				GCC_NO_COMMON_BLOCKS = YES;
				GCC_WARN_64_TO_32_BIT_CONVERSION = YES;
				GCC_WARN_ABOUT_RETURN_TYPE = YES_ERROR;
				GCC_WARN_UNDECLARED_SELECTOR = YES;
				GCC_WARN_UNINITIALIZED_AUTOS = YES_AGGRESSIVE;
				GCC_WARN_UNUSED_FUNCTION = YES;
				GCC_WARN_UNUSED_VARIABLE = YES;
				IPHONEOS_DEPLOYMENT_TARGET = 13.2;
				MTL_ENABLE_DEBUG_INFO = NO;
				MTL_FAST_MATH = YES;
				SDKROOT = iphoneos;
				SWIFT_COMPILATION_MODE = wholemodule;
				SWIFT_OPTIMIZATION_LEVEL = "-O";
				VALIDATE_PRODUCT = YES;
			};
			name = Release;
		};
		91A85DBA24ABDDA800B7A630 /* Debug */ = {
			isa = XCBuildConfiguration;
			buildSettings = {
				ASSETCATALOG_COMPILER_APPICON_NAME = AppIcon;
				CODE_SIGN_STYLE = Automatic;
				DEVELOPMENT_TEAM = 2Z743BX774;
				INFOPLIST_FILE = PiggyBank/Info.plist;
				IPHONEOS_DEPLOYMENT_TARGET = 11.0;
				LD_RUNPATH_SEARCH_PATHS = (
					"$(inherited)",
					"@executable_path/Frameworks",
				);
				PRODUCT_BUNDLE_IDENTIFIER = com.bank.piggy.PiggyBank;
				PRODUCT_NAME = "$(TARGET_NAME)";
				SWIFT_VERSION = 5.0;
				TARGETED_DEVICE_FAMILY = 1;
			};
			name = Debug;
		};
		91A85DBB24ABDDA800B7A630 /* Release */ = {
			isa = XCBuildConfiguration;
			buildSettings = {
				ASSETCATALOG_COMPILER_APPICON_NAME = AppIcon;
				CODE_SIGN_STYLE = Automatic;
				DEVELOPMENT_TEAM = 2Z743BX774;
				INFOPLIST_FILE = PiggyBank/Info.plist;
				IPHONEOS_DEPLOYMENT_TARGET = 11.0;
				LD_RUNPATH_SEARCH_PATHS = (
					"$(inherited)",
					"@executable_path/Frameworks",
				);
				PRODUCT_BUNDLE_IDENTIFIER = com.bank.piggy.PiggyBank;
				PRODUCT_NAME = "$(TARGET_NAME)";
				SWIFT_VERSION = 5.0;
				TARGETED_DEVICE_FAMILY = 1;
			};
			name = Release;
		};
/* End XCBuildConfiguration section */

/* Begin XCConfigurationList section */
		91A85DA024ABDDA400B7A630 /* Build configuration list for PBXProject "PiggyBank" */ = {
			isa = XCConfigurationList;
			buildConfigurations = (
				91A85DB724ABDDA800B7A630 /* Debug */,
				91A85DB824ABDDA800B7A630 /* Release */,
			);
			defaultConfigurationIsVisible = 0;
			defaultConfigurationName = Release;
		};
		91A85DB924ABDDA800B7A630 /* Build configuration list for PBXNativeTarget "PiggyBank" */ = {
			isa = XCConfigurationList;
			buildConfigurations = (
				91A85DBA24ABDDA800B7A630 /* Debug */,
				91A85DBB24ABDDA800B7A630 /* Release */,
			);
			defaultConfigurationIsVisible = 0;
			defaultConfigurationName = Release;
		};
/* End XCConfigurationList section */

/* Begin XCRemoteSwiftPackageReference section */
		7113505226272C8A00572CB9 /* XCRemoteSwiftPackageReference "Charts" */ = {
			isa = XCRemoteSwiftPackageReference;
			repositoryURL = "https://github.com/danielgindi/Charts";
			requirement = {
				kind = upToNextMajorVersion;
				minimumVersion = 4.0.1;
			};
		};
		711F589A26331ADF00381BEF /* XCRemoteSwiftPackageReference "Swinject" */ = {
			isa = XCRemoteSwiftPackageReference;
			repositoryURL = "https://github.com/Swinject/Swinject";
			requirement = {
				kind = upToNextMajorVersion;
				minimumVersion = 2.7.1;
			};
		};
		711F589E26331B1600381BEF /* XCRemoteSwiftPackageReference "SwinjectAutoregistration" */ = {
			isa = XCRemoteSwiftPackageReference;
			repositoryURL = "https://github.com/Swinject/SwinjectAutoregistration";
			requirement = {
				kind = upToNextMajorVersion;
				minimumVersion = 2.7.0;
			};
		};
/* End XCRemoteSwiftPackageReference section */

/* Begin XCSwiftPackageProductDependency section */
		7113505326272C8A00572CB9 /* Charts */ = {
			isa = XCSwiftPackageProductDependency;
			package = 7113505226272C8A00572CB9 /* XCRemoteSwiftPackageReference "Charts" */;
			productName = Charts;
		};
		711F589B26331ADF00381BEF /* Swinject */ = {
			isa = XCSwiftPackageProductDependency;
			package = 711F589A26331ADF00381BEF /* XCRemoteSwiftPackageReference "Swinject" */;
			productName = Swinject;
		};
		711F589F26331B1600381BEF /* SwinjectAutoregistration */ = {
			isa = XCSwiftPackageProductDependency;
			package = 711F589E26331B1600381BEF /* XCRemoteSwiftPackageReference "SwinjectAutoregistration" */;
			productName = SwinjectAutoregistration;
		};
/* End XCSwiftPackageProductDependency section */
	};
	rootObject = 91A85D9D24ABDDA400B7A630 /* Project object */;
}
